{
  "originHash" : "d4ef13a725daffe1a5a355ea2f749c3a689b7060f38a4af9ce267eef68a06d44",
  "pins" : [
    {
      "identity" : "swiftdice",
      "kind" : "remoteSourceControl",
      "location" : "https://github.com/mrlegowatch/SwiftDice.git",
      "state" : {
        "branch" : "main",
        "revision" : "1df91d4339702fd5e4fc971646c2405db41b1a1a"
      }
    }
  ],
  "version" : 3
}
