{
  "originHash" : "78d5ea74dc2681f1546c44a016394645814e561d4a9fb06ee5dc90299e296c68",
  "pins" : [
    {
      "identity" : "swiftdice",
      "kind" : "remoteSourceControl",
      "location" : "https://github.com/mrlegowatch/SwiftDice.git",
      "state" : {
        "branch" : "development",
        "revision" : "70b5d9ff1e14fa86f4feb6fd40157096e41bc031"
      }
    }
  ],
  "version" : 3
}
