// !$*UTF8*$!
{
	archiveVersion = 1;
	classes = {
	};
	objectVersion = 77;
	objects = {

/* Begin PBXBuildFile section */
		B6E1ADAB2EB3BC5B00000512 /* RolePlayingCore in Frameworks */ = {isa = PBXBuildFile; productRef = B6E1ADAA2EB3BC5B00000512 /* RolePlayingCore */; };
/* End PBXBuildFile section */

/* Begin PBXContainerItemProxy section */
		B6E1AD8D2EB3BC2D00000512 /* PBXContainerItemProxy */ = {
			isa = PBXContainerItemProxy;
			containerPortal = B6E1AD752EB3BC2C00000512 /* Project object */;
			proxyType = 1;
			remoteGlobalIDString = B6E1AD7C2EB3BC2C00000512;
			remoteInfo = CharacterGenerator;
		};
		B6E1AD972EB3BC2D00000512 /* PBXContainerItemProxy */ = {
			isa = PBXContainerItemProxy;
			containerPortal = B6E1AD752EB3BC2C00000512 /* Project object */;
			proxyType = 1;
			remoteGlobalIDString = B6E1AD7C2EB3BC2C00000512;
			remoteInfo = CharacterGenerator;
		};
/* End PBXContainerItemProxy section */

/* Begin PBXFileReference section */
		B6E1AD7D2EB3BC2C00000512 /* CharacterGenerator.app */ = {isa = PBXFileReference; explicitFileType = wrapper.application; includeInIndex = 0; path = CharacterGenerator.app; sourceTree = BUILT_PRODUCTS_DIR; };
		B6E1AD8C2EB3BC2D00000512 /* CharacterGeneratorTests.xctest */ = {isa = PBXFileReference; explicitFileType = wrapper.cfbundle; includeInIndex = 0; path = CharacterGeneratorTests.xctest; sourceTree = BUILT_PRODUCTS_DIR; };
		B6E1AD962EB3BC2D00000512 /* CharacterGeneratorUITests.xctest */ = {isa = PBXFileReference; explicitFileType = wrapper.cfbundle; includeInIndex = 0; path = CharacterGeneratorUITests.xctest; sourceTree = BUILT_PRODUCTS_DIR; };
/* End PBXFileReference section */

/* Begin PBXFileSystemSynchronizedRootGroup section */
		B6E1AD7F2EB3BC2C00000512 /* CharacterGenerator */ = {
			isa = PBXFileSystemSynchronizedRootGroup;
			path = CharacterGenerator;
			sourceTree = "<group>";
		};
		B6E1AD8F2EB3BC2D00000512 /* CharacterGeneratorTests */ = {
			isa = PBXFileSystemSynchronizedRootGroup;
			path = CharacterGeneratorTests;
			sourceTree = "<group>";
		};
		B6E1AD992EB3BC2D00000512 /* CharacterGeneratorUITests */ = {
			isa = PBXFileSystemSynchronizedRootGroup;
			path = CharacterGeneratorUITests;
			sourceTree = "<group>";
		};
/* End PBXFileSystemSynchronizedRootGroup section */

/* Begin PBXFrameworksBuildPhase section */
		B6E1AD7A2EB3BC2C00000512 /* Frameworks */ = {
			isa = PBXFrameworksBuildPhase;
			buildActionMask = 2147483647;
			files = (
				B6E1ADAB2EB3BC5B00000512 /* RolePlayingCore in Frameworks */,
			);
			runOnlyForDeploymentPostprocessing = 0;
		};
		B6E1AD892EB3BC2D00000512 /* Frameworks */ = {
			isa = PBXFrameworksBuildPhase;
			buildActionMask = 2147483647;
			files = (
			);
			runOnlyForDeploymentPostprocessing = 0;
		};
		B6E1AD932EB3BC2D00000512 /* Frameworks */ = {
			isa = PBXFrameworksBuildPhase;
			buildActionMask = 2147483647;
			files = (
			);
			runOnlyForDeploymentPostprocessing = 0;
		};
/* End PBXFrameworksBuildPhase section */

/* Begin PBXGroup section */
		B6E1AD742EB3BC2C00000512 = {
			isa = PBXGroup;
			children = (
				B6E1AD7F2EB3BC2C00000512 /* CharacterGenerator */,
				B6E1AD8F2EB3BC2D00000512 /* CharacterGeneratorTests */,
				B6E1AD992EB3BC2D00000512 /* CharacterGeneratorUITests */,
				B6E1AD7E2EB3BC2C00000512 /* Products */,
			);
			sourceTree = "<group>";
		};
		B6E1AD7E2EB3BC2C00000512 /* Products */ = {
			isa = PBXGroup;
			children = (
				B6E1AD7D2EB3BC2C00000512 /* CharacterGenerator.app */,
				B6E1AD8C2EB3BC2D00000512 /* CharacterGeneratorTests.xctest */,
				B6E1AD962EB3BC2D00000512 /* CharacterGeneratorUITests.xctest */,
			);
			name = Products;
			sourceTree = "<group>";
		};
/* End PBXGroup section */

/* Begin PBXNativeTarget section */
		B6E1AD7C2EB3BC2C00000512 /* CharacterGenerator */ = {
			isa = PBXNativeTarget;
			buildConfigurationList = B6E1ADA02EB3BC2D00000512 /* Build configuration list for PBXNativeTarget "CharacterGenerator" */;
			buildPhases = (
				B6E1AD792EB3BC2C00000512 /* Sources */,
				B6E1AD7A2EB3BC2C00000512 /* Frameworks */,
				B6E1AD7B2EB3BC2C00000512 /* Resources */,
			);
			buildRules = (
			);
			dependencies = (
			);
			fileSystemSynchronizedGroups = (
				B6E1AD7F2EB3BC2C00000512 /* CharacterGenerator */,
			);
			name = CharacterGenerator;
			packageProductDependencies = (
				B6E1ADAA2EB3BC5B00000512 /* RolePlayingCore */,
			);
			productName = CharacterGenerator;
			productReference = B6E1AD7D2EB3BC2C00000512 /* CharacterGenerator.app */;
			productType = "com.apple.product-type.application";
		};
		B6E1AD8B2EB3BC2D00000512 /* CharacterGeneratorTests */ = {
			isa = PBXNativeTarget;
			buildConfigurationList = B6E1ADA32EB3BC2D00000512 /* Build configuration list for PBXNativeTarget "CharacterGeneratorTests" */;
			buildPhases = (
				B6E1AD882EB3BC2D00000512 /* Sources */,
				B6E1AD892EB3BC2D00000512 /* Frameworks */,
				B6E1AD8A2EB3BC2D00000512 /* Resources */,
			);
			buildRules = (
			);
			dependencies = (
				B6E1AD8E2EB3BC2D00000512 /* PBXTargetDependency */,
			);
			fileSystemSynchronizedGroups = (
				B6E1AD8F2EB3BC2D00000512 /* CharacterGeneratorTests */,
			);
			name = CharacterGeneratorTests;
			packageProductDependencies = (
			);
			productName = CharacterGeneratorTests;
			productReference = B6E1AD8C2EB3BC2D00000512 /* CharacterGeneratorTests.xctest */;
			productType = "com.apple.product-type.bundle.unit-test";
		};
		B6E1AD952EB3BC2D00000512 /* CharacterGeneratorUITests */ = {
			isa = PBXNativeTarget;
			buildConfigurationList = B6E1ADA62EB3BC2D00000512 /* Build configuration list for PBXNativeTarget "CharacterGeneratorUITests" */;
			buildPhases = (
				B6E1AD922EB3BC2D00000512 /* Sources */,
				B6E1AD932EB3BC2D00000512 /* Frameworks */,
				B6E1AD942EB3BC2D00000512 /* Resources */,
			);
			buildRules = (
			);
			dependencies = (
				B6E1AD982EB3BC2D00000512 /* PBXTargetDependency */,
			);
			fileSystemSynchronizedGroups = (
				B6E1AD992EB3BC2D00000512 /* CharacterGeneratorUITests */,
			);
			name = CharacterGeneratorUITests;
			packageProductDependencies = (
			);
			productName = CharacterGeneratorUITests;
			productReference = B6E1AD962EB3BC2D00000512 /* CharacterGeneratorUITests.xctest */;
			productType = "com.apple.product-type.bundle.ui-testing";
		};
/* End PBXNativeTarget section */

/* Begin PBXProject section */
		B6E1AD752EB3BC2C00000512 /* Project object */ = {
			isa = PBXProject;
			attributes = {
				BuildIndependentTargetsInParallel = 1;
				LastSwiftUpdateCheck = 2600;
				LastUpgradeCheck = 2610;
				TargetAttributes = {
					B6E1AD7C2EB3BC2C00000512 = {
						CreatedOnToolsVersion = 26.0.1;
					};
					B6E1AD8B2EB3BC2D00000512 = {
						CreatedOnToolsVersion = 26.0.1;
						TestTargetID = B6E1AD7C2EB3BC2C00000512;
					};
					B6E1AD952EB3BC2D00000512 = {
						CreatedOnToolsVersion = 26.0.1;
						TestTargetID = B6E1AD7C2EB3BC2C00000512;
					};
				};
			};
			buildConfigurationList = B6E1AD782EB3BC2C00000512 /* Build configuration list for PBXProject "CharacterGenerator" */;
			developmentRegion = en;
			hasScannedForEncodings = 0;
			knownRegions = (
				en,
				Base,
			);
			mainGroup = B6E1AD742EB3BC2C00000512;
			minimizedProjectReferenceProxies = 1;
			packageReferences = (
				B6E1ADA92EB3BC5B00000512 /* XCLocalSwiftPackageReference "../../../../RolePlayingCore" */,
			);
			preferredProjectObjectVersion = 77;
			productRefGroup = B6E1AD7E2EB3BC2C00000512 /* Products */;
			projectDirPath = "";
			projectRoot = "";
			targets = (
				B6E1AD7C2EB3BC2C00000512 /* CharacterGenerator */,
				B6E1AD8B2EB3BC2D00000512 /* CharacterGeneratorTests */,
				B6E1AD952EB3BC2D00000512 /* CharacterGeneratorUITests */,
			);
		};
/* End PBXProject section */

/* Begin PBXResourcesBuildPhase section */
		B6E1AD7B2EB3BC2C00000512 /* Resources */ = {
			isa = PBXResourcesBuildPhase;
			buildActionMask = 2147483647;
			files = (
			);
			runOnlyForDeploymentPostprocessing = 0;
		};
		B6E1AD8A2EB3BC2D00000512 /* Resources */ = {
			isa = PBXResourcesBuildPhase;
			buildActionMask = 2147483647;
			files = (
			);
			runOnlyForDeploymentPostprocessing = 0;
		};
		B6E1AD942EB3BC2D00000512 /* Resources */ = {
			isa = PBXResourcesBuildPhase;
			buildActionMask = 2147483647;
			files = (
			);
			runOnlyForDeploymentPostprocessing = 0;
		};
/* End PBXResourcesBuildPhase section */

/* Begin PBXSourcesBuildPhase section */
		B6E1AD792EB3BC2C00000512 /* Sources */ = {
			isa = PBXSourcesBuildPhase;
			buildActionMask = 2147483647;
			files = (
			);
			runOnlyForDeploymentPostprocessing = 0;
		};
		B6E1AD882EB3BC2D00000512 /* Sources */ = {
			isa = PBXSourcesBuildPhase;
			buildActionMask = 2147483647;
			files = (
			);
			runOnlyForDeploymentPostprocessing = 0;
		};
		B6E1AD922EB3BC2D00000512 /* Sources */ = {
			isa = PBXSourcesBuildPhase;
			buildActionMask = 2147483647;
			files = (
			);
			runOnlyForDeploymentPostprocessing = 0;
		};
/* End PBXSourcesBuildPhase section */

/* Begin PBXTargetDependency section */
		B6E1AD8E2EB3BC2D00000512 /* PBXTargetDependency */ = {
			isa = PBXTargetDependency;
			target = B6E1AD7C2EB3BC2C00000512 /* CharacterGenerator */;
			targetProxy = B6E1AD8D2EB3BC2D00000512 /* PBXContainerItemProxy */;
		};
		B6E1AD982EB3BC2D00000512 /* PBXTargetDependency */ = {
			isa = PBXTargetDependency;
			target = B6E1AD7C2EB3BC2C00000512 /* CharacterGenerator */;
			targetProxy = B6E1AD972EB3BC2D00000512 /* PBXContainerItemProxy */;
		};
/* End PBXTargetDependency section */

/* Begin XCBuildConfiguration section */
		B6E1AD9E2EB3BC2D00000512 /* Debug */ = {
			isa = XCBuildConfiguration;
			buildSettings = {
				ALWAYS_SEARCH_USER_PATHS = NO;
				ASSETCATALOG_COMPILER_GENERATE_SWIFT_ASSET_SYMBOL_EXTENSIONS = YES;
				CLANG_ANALYZER_NONNULL = YES;
				CLANG_ANALYZER_NUMBER_OBJECT_CONVERSION = YES_AGGRESSIVE;
				CLANG_CXX_LANGUAGE_STANDARD = "gnu++20";
				CLANG_ENABLE_MODULES = YES;
				CLANG_ENABLE_OBJC_ARC = YES;
				CLANG_ENABLE_OBJC_WEAK = YES;
				CLANG_WARN_BLOCK_CAPTURE_AUTORELEASING = YES;
				CLANG_WARN_BOOL_CONVERSION = YES;
				CLANG_WARN_COMMA = YES;
				CLANG_WARN_CONSTANT_CONVERSION = YES;
				CLANG_WARN_DEPRECATED_OBJC_IMPLEMENTATIONS = YES;
				CLANG_WARN_DIRECT_OBJC_ISA_USAGE = YES_ERROR;
				CLANG_WARN_DOCUMENTATION_COMMENTS = YES;
				CLANG_WARN_EMPTY_BODY = YES;
				CLANG_WARN_ENUM_CONVERSION = YES;
				CLANG_WARN_INFINITE_RECURSION = YES;
				CLANG_WARN_INT_CONVERSION = YES;
				CLANG_WARN_NON_LITERAL_NULL_CONVERSION = YES;
				CLANG_WARN_OBJC_IMPLICIT_RETAIN_SELF = YES;
				CLANG_WARN_OBJC_LITERAL_CONVERSION = YES;
				CLANG_WARN_OBJC_ROOT_CLASS = YES_ERROR;
				CLANG_WARN_QUOTED_INCLUDE_IN_FRAMEWORK_HEADER = YES;
				CLANG_WARN_RANGE_LOOP_ANALYSIS = YES;
				CLANG_WARN_STRICT_PROTOTYPES = YES;
				CLANG_WARN_SUSPICIOUS_MOVE = YES;
				CLANG_WARN_UNGUARDED_AVAILABILITY = YES_AGGRESSIVE;
				CLANG_WARN_UNREACHABLE_CODE = YES;
				CLANG_WARN__DUPLICATE_METHOD_MATCH = YES;
				COPY_PHASE_STRIP = NO;
				DEAD_CODE_STRIPPING = YES;
				DEBUG_INFORMATION_FORMAT = dwarf;
				DEVELOPMENT_TEAM = VHX6TEH729;
				ENABLE_STRICT_OBJC_MSGSEND = YES;
				ENABLE_TESTABILITY = YES;
				ENABLE_USER_SCRIPT_SANDBOXING = YES;
				GCC_C_LANGUAGE_STANDARD = gnu17;
				GCC_DYNAMIC_NO_PIC = NO;
				GCC_NO_COMMON_BLOCKS = YES;
				GCC_OPTIMIZATION_LEVEL = 0;
				GCC_PREPROCESSOR_DEFINITIONS = (
					"DEBUG=1",
					"$(inherited)",
				);
				GCC_WARN_64_TO_32_BIT_CONVERSION = YES;
				GCC_WARN_ABOUT_RETURN_TYPE = YES_ERROR;
				GCC_WARN_UNDECLARED_SELECTOR = YES;
				GCC_WARN_UNINITIALIZED_AUTOS = YES_AGGRESSIVE;
				GCC_WARN_UNUSED_FUNCTION = YES;
				GCC_WARN_UNUSED_VARIABLE = YES;
				LOCALIZATION_PREFERS_STRING_CATALOGS = YES;
				MTL_ENABLE_DEBUG_INFO = INCLUDE_SOURCE;
				MTL_FAST_MATH = YES;
				ONLY_ACTIVE_ARCH = YES;
				STRING_CATALOG_GENERATE_SYMBOLS = YES;
				SWIFT_ACTIVE_COMPILATION_CONDITIONS = "DEBUG $(inherited)";
				SWIFT_OPTIMIZATION_LEVEL = "-Onone";
				SWIFT_VERSION = 6.0;
			};
			name = Debug;
		};
		B6E1AD9F2EB3BC2D00000512 /* Release */ = {
			isa = XCBuildConfiguration;
			buildSettings = {
				ALWAYS_SEARCH_USER_PATHS = NO;
				ASSETCATALOG_COMPILER_GENERATE_SWIFT_ASSET_SYMBOL_EXTENSIONS = YES;
				CLANG_ANALYZER_NONNULL = YES;
				CLANG_ANALYZER_NUMBER_OBJECT_CONVERSION = YES_AGGRESSIVE;
				CLANG_CXX_LANGUAGE_STANDARD = "gnu++20";
				CLANG_ENABLE_MODULES = YES;
				CLANG_ENABLE_OBJC_ARC = YES;
				CLANG_ENABLE_OBJC_WEAK = YES;
				CLANG_WARN_BLOCK_CAPTURE_AUTORELEASING = YES;
				CLANG_WARN_BOOL_CONVERSION = YES;
				CLANG_WARN_COMMA = YES;
				CLANG_WARN_CONSTANT_CONVERSION = YES;
				CLANG_WARN_DEPRECATED_OBJC_IMPLEMENTATIONS = YES;
				CLANG_WARN_DIRECT_OBJC_ISA_USAGE = YES_ERROR;
				CLANG_WARN_DOCUMENTATION_COMMENTS = YES;
				CLANG_WARN_EMPTY_BODY = YES;
				CLANG_WARN_ENUM_CONVERSION = YES;
				CLANG_WARN_INFINITE_RECURSION = YES;
				CLANG_WARN_INT_CONVERSION = YES;
				CLANG_WARN_NON_LITERAL_NULL_CONVERSION = YES;
				CLANG_WARN_OBJC_IMPLICIT_RETAIN_SELF = YES;
				CLANG_WARN_OBJC_LITERAL_CONVERSION = YES;
				CLANG_WARN_OBJC_ROOT_CLASS = YES_ERROR;
				CLANG_WARN_QUOTED_INCLUDE_IN_FRAMEWORK_HEADER = YES;
				CLANG_WARN_RANGE_LOOP_ANALYSIS = YES;
				CLANG_WARN_STRICT_PROTOTYPES = YES;
				CLANG_WARN_SUSPICIOUS_MOVE = YES;
				CLANG_WARN_UNGUARDED_AVAILABILITY = YES_AGGRESSIVE;
				CLANG_WARN_UNREACHABLE_CODE = YES;
				CLANG_WARN__DUPLICATE_METHOD_MATCH = YES;
				COPY_PHASE_STRIP = NO;
				DEAD_CODE_STRIPPING = YES;
				DEBUG_INFORMATION_FORMAT = "dwarf-with-dsym";
				DEVELOPMENT_TEAM = VHX6TEH729;
				ENABLE_NS_ASSERTIONS = NO;
				ENABLE_STRICT_OBJC_MSGSEND = YES;
				ENABLE_USER_SCRIPT_SANDBOXING = YES;
				GCC_C_LANGUAGE_STANDARD = gnu17;
				GCC_NO_COMMON_BLOCKS = YES;
				GCC_WARN_64_TO_32_BIT_CONVERSION = YES;
				GCC_WARN_ABOUT_RETURN_TYPE = YES_ERROR;
				GCC_WARN_UNDECLARED_SELECTOR = YES;
				GCC_WARN_UNINITIALIZED_AUTOS = YES_AGGRESSIVE;
				GCC_WARN_UNUSED_FUNCTION = YES;
				GCC_WARN_UNUSED_VARIABLE = YES;
				LOCALIZATION_PREFERS_STRING_CATALOGS = YES;
				MTL_ENABLE_DEBUG_INFO = NO;
				MTL_FAST_MATH = YES;
				STRING_CATALOG_GENERATE_SYMBOLS = YES;
				SWIFT_COMPILATION_MODE = wholemodule;
				SWIFT_VERSION = 6.0;
			};
			name = Release;
		};
		B6E1ADA12EB3BC2D00000512 /* Debug */ = {
			isa = XCBuildConfiguration;
			buildSettings = {
				ASSETCATALOG_COMPILER_APPICON_NAME = AppIcon;
				ASSETCATALOG_COMPILER_GLOBAL_ACCENT_COLOR_NAME = AccentColor;
				CODE_SIGN_STYLE = Automatic;
				CURRENT_PROJECT_VERSION = 1;
				DEAD_CODE_STRIPPING = YES;
				DEVELOPMENT_TEAM = VHX6TEH729;
				ENABLE_APP_SANDBOX = YES;
				ENABLE_HARDENED_RUNTIME = YES;
				ENABLE_PREVIEWS = YES;
				ENABLE_USER_SELECTED_FILES = readonly;
				GENERATE_INFOPLIST_FILE = YES;
				"INFOPLIST_KEY_UIApplicationSceneManifest_Generation[sdk=iphoneos*]" = YES;
				"INFOPLIST_KEY_UIApplicationSceneManifest_Generation[sdk=iphonesimulator*]" = YES;
				"INFOPLIST_KEY_UIApplicationSupportsIndirectInputEvents[sdk=iphoneos*]" = YES;
				"INFOPLIST_KEY_UIApplicationSupportsIndirectInputEvents[sdk=iphonesimulator*]" = YES;
				"INFOPLIST_KEY_UILaunchScreen_Generation[sdk=iphoneos*]" = YES;
				"INFOPLIST_KEY_UILaunchScreen_Generation[sdk=iphonesimulator*]" = YES;
				"INFOPLIST_KEY_UIStatusBarStyle[sdk=iphoneos*]" = UIStatusBarStyleDefault;
				"INFOPLIST_KEY_UIStatusBarStyle[sdk=iphonesimulator*]" = UIStatusBarStyleDefault;
				INFOPLIST_KEY_UISupportedInterfaceOrientations_iPad = "UIInterfaceOrientationPortrait UIInterfaceOrientationPortraitUpsideDown UIInterfaceOrientationLandscapeLeft UIInterfaceOrientationLandscapeRight";
				INFOPLIST_KEY_UISupportedInterfaceOrientations_iPhone = "UIInterfaceOrientationPortrait UIInterfaceOrientationLandscapeLeft UIInterfaceOrientationLandscapeRight";
				IPHONEOS_DEPLOYMENT_TARGET = 26.0;
				LD_RUNPATH_SEARCH_PATHS = "@executable_path/Frameworks";
				"LD_RUNPATH_SEARCH_PATHS[sdk=macosx*]" = "@executable_path/../Frameworks";
				MACOSX_DEPLOYMENT_TARGET = 15.6;
				MARKETING_VERSION = 1.0;
				PRODUCT_BUNDLE_IDENTIFIER = com.flatearthstudio.CharacterGenerator;
				PRODUCT_NAME = "$(TARGET_NAME)";
				REGISTER_APP_GROUPS = YES;
				SDKROOT = auto;
				STRING_CATALOG_GENERATE_SYMBOLS = YES;
				SUPPORTED_PLATFORMS = "iphoneos iphonesimulator xros xrsimulator";
				SUPPORTS_MACCATALYST = YES;
				SWIFT_APPROACHABLE_CONCURRENCY = YES;
				SWIFT_DEFAULT_ACTOR_ISOLATION = MainActor;
				SWIFT_EMIT_LOC_STRINGS = YES;
				SWIFT_UPCOMING_FEATURE_MEMBER_IMPORT_VISIBILITY = YES;
				TARGETED_DEVICE_FAMILY = "1,2,7";
				XROS_DEPLOYMENT_TARGET = 26.0;
			};
			name = Debug;
		};
		B6E1ADA22EB3BC2D00000512 /* Release */ = {
			isa = XCBuildConfiguration;
			buildSettings = {
				ASSETCATALOG_COMPILER_APPICON_NAME = AppIcon;
				ASSETCATALOG_COMPILER_GLOBAL_ACCENT_COLOR_NAME = AccentColor;
				CODE_SIGN_STYLE = Automatic;
				CURRENT_PROJECT_VERSION = 1;
				DEAD_CODE_STRIPPING = YES;
				DEVELOPMENT_TEAM = VHX6TEH729;
				ENABLE_APP_SANDBOX = YES;
				ENABLE_HARDENED_RUNTIME = YES;
				ENABLE_PREVIEWS = YES;
				ENABLE_USER_SELECTED_FILES = readonly;
				GENERATE_INFOPLIST_FILE = YES;
				"INFOPLIST_KEY_UIApplicationSceneManifest_Generation[sdk=iphoneos*]" = YES;
				"INFOPLIST_KEY_UIApplicationSceneManifest_Generation[sdk=iphonesimulator*]" = YES;
				"INFOPLIST_KEY_UIApplicationSupportsIndirectInputEvents[sdk=iphoneos*]" = YES;
				"INFOPLIST_KEY_UIApplicationSupportsIndirectInputEvents[sdk=iphonesimulator*]" = YES;
				"INFOPLIST_KEY_UILaunchScreen_Generation[sdk=iphoneos*]" = YES;
				"INFOPLIST_KEY_UILaunchScreen_Generation[sdk=iphonesimulator*]" = YES;
				"INFOPLIST_KEY_UIStatusBarStyle[sdk=iphoneos*]" = UIStatusBarStyleDefault;
				"INFOPLIST_KEY_UIStatusBarStyle[sdk=iphonesimulator*]" = UIStatusBarStyleDefault;
				INFOPLIST_KEY_UISupportedInterfaceOrientations_iPad = "UIInterfaceOrientationPortrait UIInterfaceOrientationPortraitUpsideDown UIInterfaceOrientationLandscapeLeft UIInterfaceOrientationLandscapeRight";
				INFOPLIST_KEY_UISupportedInterfaceOrientations_iPhone = "UIInterfaceOrientationPortrait UIInterfaceOrientationLandscapeLeft UIInterfaceOrientationLandscapeRight";
				IPHONEOS_DEPLOYMENT_TARGET = 26.0;
				LD_RUNPATH_SEARCH_PATHS = "@executable_path/Frameworks";
				"LD_RUNPATH_SEARCH_PATHS[sdk=macosx*]" = "@executable_path/../Frameworks";
				MACOSX_DEPLOYMENT_TARGET = 15.6;
				MARKETING_VERSION = 1.0;
				PRODUCT_BUNDLE_IDENTIFIER = com.flatearthstudio.CharacterGenerator;
				PRODUCT_NAME = "$(TARGET_NAME)";
				REGISTER_APP_GROUPS = YES;
				SDKROOT = auto;
				STRING_CATALOG_GENERATE_SYMBOLS = YES;
				SUPPORTED_PLATFORMS = "iphoneos iphonesimulator xros xrsimulator";
				SUPPORTS_MACCATALYST = YES;
				SWIFT_APPROACHABLE_CONCURRENCY = YES;
				SWIFT_DEFAULT_ACTOR_ISOLATION = MainActor;
				SWIFT_EMIT_LOC_STRINGS = YES;
				SWIFT_UPCOMING_FEATURE_MEMBER_IMPORT_VISIBILITY = YES;
				TARGETED_DEVICE_FAMILY = "1,2,7";
				XROS_DEPLOYMENT_TARGET = 26.0;
			};
			name = Release;
		};
		B6E1ADA42EB3BC2D00000512 /* Debug */ = {
			isa = XCBuildConfiguration;
			buildSettings = {
				BUNDLE_LOADER = "$(TEST_HOST)";
				CODE_SIGN_STYLE = Automatic;
				CURRENT_PROJECT_VERSION = 1;
				DEAD_CODE_STRIPPING = YES;
				DEVELOPMENT_TEAM = VHX6TEH729;
				GENERATE_INFOPLIST_FILE = YES;
				IPHONEOS_DEPLOYMENT_TARGET = 26.0;
				MACOSX_DEPLOYMENT_TARGET = 26.0;
				MARKETING_VERSION = 1.0;
				PRODUCT_BUNDLE_IDENTIFIER = com.flatearthstudio.CharacterGeneratorTests;
				PRODUCT_NAME = "$(TARGET_NAME)";
				SDKROOT = auto;
				STRING_CATALOG_GENERATE_SYMBOLS = NO;
				SUPPORTED_PLATFORMS = "iphoneos iphonesimulator macosx xros xrsimulator";
				SWIFT_APPROACHABLE_CONCURRENCY = YES;
				SWIFT_EMIT_LOC_STRINGS = NO;
				SWIFT_UPCOMING_FEATURE_MEMBER_IMPORT_VISIBILITY = YES;
				SWIFT_VERSION = 5.0;
				TARGETED_DEVICE_FAMILY = "1,2,7";
				TEST_HOST = "$(BUILT_PRODUCTS_DIR)/CharacterGenerator.app/$(BUNDLE_EXECUTABLE_FOLDER_PATH)/CharacterGenerator";
				XROS_DEPLOYMENT_TARGET = 26.0;
			};
			name = Debug;
		};
		B6E1ADA52EB3BC2D00000512 /* Release */ = {
			isa = XCBuildConfiguration;
			buildSettings = {
				BUNDLE_LOADER = "$(TEST_HOST)";
				CODE_SIGN_STYLE = Automatic;
				CURRENT_PROJECT_VERSION = 1;
				DEAD_CODE_STRIPPING = YES;
				DEVELOPMENT_TEAM = VHX6TEH729;
				GENERATE_INFOPLIST_FILE = YES;
				IPHONEOS_DEPLOYMENT_TARGET = 26.0;
				MACOSX_DEPLOYMENT_TARGET = 26.0;
				MARKETING_VERSION = 1.0;
				PRODUCT_BUNDLE_IDENTIFIER = com.flatearthstudio.CharacterGeneratorTests;
				PRODUCT_NAME = "$(TARGET_NAME)";
				SDKROOT = auto;
				STRING_CATALOG_GENERATE_SYMBOLS = NO;
				SUPPORTED_PLATFORMS = "iphoneos iphonesimulator macosx xros xrsimulator";
				SWIFT_APPROACHABLE_CONCURRENCY = YES;
				SWIFT_EMIT_LOC_STRINGS = NO;
				SWIFT_UPCOMING_FEATURE_MEMBER_IMPORT_VISIBILITY = YES;
				SWIFT_VERSION = 5.0;
				TARGETED_DEVICE_FAMILY = "1,2,7";
				TEST_HOST = "$(BUILT_PRODUCTS_DIR)/CharacterGenerator.app/$(BUNDLE_EXECUTABLE_FOLDER_PATH)/CharacterGenerator";
				XROS_DEPLOYMENT_TARGET = 26.0;
			};
			name = Release;
		};
		B6E1ADA72EB3BC2D00000512 /* Debug */ = {
			isa = XCBuildConfiguration;
			buildSettings = {
				CODE_SIGN_STYLE = Automatic;
				CURRENT_PROJECT_VERSION = 1;
				DEAD_CODE_STRIPPING = YES;
				DEVELOPMENT_TEAM = VHX6TEH729;
				GENERATE_INFOPLIST_FILE = YES;
				IPHONEOS_DEPLOYMENT_TARGET = 26.0;
				MACOSX_DEPLOYMENT_TARGET = 26.0;
				MARKETING_VERSION = 1.0;
				PRODUCT_BUNDLE_IDENTIFIER = com.flatearthstudio.CharacterGeneratorUITests;
				PRODUCT_NAME = "$(TARGET_NAME)";
				SDKROOT = auto;
				STRING_CATALOG_GENERATE_SYMBOLS = NO;
				SUPPORTED_PLATFORMS = "iphoneos iphonesimulator macosx xros xrsimulator";
				SWIFT_APPROACHABLE_CONCURRENCY = YES;
				SWIFT_EMIT_LOC_STRINGS = NO;
				SWIFT_UPCOMING_FEATURE_MEMBER_IMPORT_VISIBILITY = YES;
				SWIFT_VERSION = 5.0;
				TARGETED_DEVICE_FAMILY = "1,2,7";
				TEST_TARGET_NAME = CharacterGenerator;
				XROS_DEPLOYMENT_TARGET = 26.0;
			};
			name = Debug;
		};
		B6E1ADA82EB3BC2D00000512 /* Release */ = {
			isa = XCBuildConfiguration;
			buildSettings = {
				CODE_SIGN_STYLE = Automatic;
				CURRENT_PROJECT_VERSION = 1;
				DEAD_CODE_STRIPPING = YES;
				DEVELOPMENT_TEAM = VHX6TEH729;
				GENERATE_INFOPLIST_FILE = YES;
				IPHONEOS_DEPLOYMENT_TARGET = 26.0;
				MACOSX_DEPLOYMENT_TARGET = 26.0;
				MARKETING_VERSION = 1.0;
				PRODUCT_BUNDLE_IDENTIFIER = com.flatearthstudio.CharacterGeneratorUITests;
				PRODUCT_NAME = "$(TARGET_NAME)";
				SDKROOT = auto;
				STRING_CATALOG_GENERATE_SYMBOLS = NO;
				SUPPORTED_PLATFORMS = "iphoneos iphonesimulator macosx xros xrsimulator";
				SWIFT_APPROACHABLE_CONCURRENCY = YES;
				SWIFT_EMIT_LOC_STRINGS = NO;
				SWIFT_UPCOMING_FEATURE_MEMBER_IMPORT_VISIBILITY = YES;
				SWIFT_VERSION = 5.0;
				TARGETED_DEVICE_FAMILY = "1,2,7";
				TEST_TARGET_NAME = CharacterGenerator;
				XROS_DEPLOYMENT_TARGET = 26.0;
			};
			name = Release;
		};
/* End XCBuildConfiguration section */

/* Begin XCConfigurationList section */
		B6E1AD782EB3BC2C00000512 /* Build configuration list for PBXProject "CharacterGenerator" */ = {
			isa = XCConfigurationList;
			buildConfigurations = (
				B6E1AD9E2EB3BC2D00000512 /* Debug */,
				B6E1AD9F2EB3BC2D00000512 /* Release */,
			);
			defaultConfigurationIsVisible = 0;
			defaultConfigurationName = Release;
		};
		B6E1ADA02EB3BC2D00000512 /* Build configuration list for PBXNativeTarget "CharacterGenerator" */ = {
			isa = XCConfigurationList;
			buildConfigurations = (
				B6E1ADA12EB3BC2D00000512 /* Debug */,
				B6E1ADA22EB3BC2D00000512 /* Release */,
			);
			defaultConfigurationIsVisible = 0;
			defaultConfigurationName = Release;
		};
		B6E1ADA32EB3BC2D00000512 /* Build configuration list for PBXNativeTarget "CharacterGeneratorTests" */ = {
			isa = XCConfigurationList;
			buildConfigurations = (
				B6E1ADA42EB3BC2D00000512 /* Debug */,
				B6E1ADA52EB3BC2D00000512 /* Release */,
			);
			defaultConfigurationIsVisible = 0;
			defaultConfigurationName = Release;
		};
		B6E1ADA62EB3BC2D00000512 /* Build configuration list for PBXNativeTarget "CharacterGeneratorUITests" */ = {
			isa = XCConfigurationList;
			buildConfigurations = (
				B6E1ADA72EB3BC2D00000512 /* Debug */,
				B6E1ADA82EB3BC2D00000512 /* Release */,
			);
			defaultConfigurationIsVisible = 0;
			defaultConfigurationName = Release;
		};
/* End XCConfigurationList section */

/* Begin XCLocalSwiftPackageReference section */
		B6E1ADA92EB3BC5B00000512 /* XCLocalSwiftPackageReference "../../../../RolePlayingCore" */ = {
			isa = XCLocalSwiftPackageReference;
			relativePath = ../../../../RolePlayingCore;
		};
/* End XCLocalSwiftPackageReference section */

/* Begin XCSwiftPackageProductDependency section */
		B6E1ADAA2EB3BC5B00000512 /* RolePlayingCore */ = {
			isa = XCSwiftPackageProductDependency;
			productName = RolePlayingCore;
		};
/* End XCSwiftPackageProductDependency section */
	};
	rootObject = B6E1AD752EB3BC2C00000512 /* Project object */;
}
