// !$*UTF8*$!
{
	archiveVersion = 1;
	classes = {
	};
	objectVersion = 54;
	objects = {

/* Begin PBXBuildFile section */
		B62055F81E19DD23002494AB /* RolePlayingCore.framework in Frameworks */ = {isa = PBXBuildFile; fileRef = B62055EE1E19DD23002494AB /* RolePlayingCore.framework */; };
		B62055FD1E19DD23002494AB /* RolePlayingCoreTests.swift in Sources */ = {isa = PBXBuildFile; fileRef = B62055FC1E19DD23002494AB /* RolePlayingCoreTests.swift */; };
		B62055FF1E19DD23002494AB /* RolePlayingCore.h in Headers */ = {isa = PBXBuildFile; fileRef = B62055F11E19DD23002494AB /* RolePlayingCore.h */; settings = {ATTRIBUTES = (Public, ); }; };
		B620560A1E19DDC0002494AB /* DiceTests.swift in Sources */ = {isa = PBXBuildFile; fileRef = B62056091E19DDC0002494AB /* DiceTests.swift */; };
		B620560E1E19DDD0002494AB /* Dice.swift in Sources */ = {isa = PBXBuildFile; fileRef = B620560B1E19DDD0002494AB /* Dice.swift */; };
		B620560F1E19DDD0002494AB /* DiceParser.swift in Sources */ = {isa = PBXBuildFile; fileRef = B620560C1E19DDD0002494AB /* DiceParser.swift */; };
		B621A3981F0C052D00E55236 /* NameGeneratorTests.swift in Sources */ = {isa = PBXBuildFile; fileRef = B621A3971F0C052D00E55236 /* NameGeneratorTests.swift */; };
		B621A3991F0C06A700E55236 /* NameGenerator.swift in Sources */ = {isa = PBXBuildFile; fileRef = B621A3961F0C020000E55236 /* NameGenerator.swift */; };
		B62D89C41F09A3870095D587 /* DiceParserTests.swift in Sources */ = {isa = PBXBuildFile; fileRef = B62D89C31F09A3870095D587 /* DiceParserTests.swift */; };
		B64C369621756BC300C4F6BE /* DiceRoll.swift in Sources */ = {isa = PBXBuildFile; fileRef = B64C369521756BC300C4F6BE /* DiceRoll.swift */; };
		B66AF8FC1EAE87A800C15F8E /* TestClasses.json in Resources */ = {isa = PBXBuildFile; fileRef = B66AF8F41EAE87A800C15F8E /* TestClasses.json */; };
		B66AF8FD1EAE87A800C15F8E /* TestConfiguration.json in Resources */ = {isa = PBXBuildFile; fileRef = B66AF8F51EAE87A800C15F8E /* TestConfiguration.json */; };
		B66AF8FE1EAE87A800C15F8E /* TestCurrencies.json in Resources */ = {isa = PBXBuildFile; fileRef = B66AF8F61EAE87A800C15F8E /* TestCurrencies.json */; };
		B66AF8FF1EAE87A800C15F8E /* TestMoreClasses.json in Resources */ = {isa = PBXBuildFile; fileRef = B66AF8F71EAE87A800C15F8E /* TestMoreClasses.json */; };
		B66AF9001EAE87A800C15F8E /* TestMoreSpecies.json in Resources */ = {isa = PBXBuildFile; fileRef = B66AF8F81EAE87A800C15F8E /* TestMoreSpecies.json */; };
		B66AF9011EAE87A800C15F8E /* TestNames.json in Resources */ = {isa = PBXBuildFile; fileRef = B66AF8F91EAE87A800C15F8E /* TestNames.json */; };
		B66AF9021EAE87A800C15F8E /* TestPlayers.json in Resources */ = {isa = PBXBuildFile; fileRef = B66AF8FA1EAE87A800C15F8E /* TestPlayers.json */; };
		B66AF9031EAE87A800C15F8E /* TestSpecies.json in Resources */ = {isa = PBXBuildFile; fileRef = B66AF8FB1EAE87A800C15F8E /* TestSpecies.json */; };
		B66AF9051EAE88C300C15F8E /* Configuration.swift in Sources */ = {isa = PBXBuildFile; fileRef = B66AF9041EAE88C300C15F8E /* Configuration.swift */; };
		B66AF9071EAE88FF00C15F8E /* ConfigurationTests.swift in Sources */ = {isa = PBXBuildFile; fileRef = B66AF9061EAE88FF00C15F8E /* ConfigurationTests.swift */; };
		B66AF9091EAE8B8100C15F8E /* MissingClassPlayers.json in Resources */ = {isa = PBXBuildFile; fileRef = B66AF9081EAE8B8000C15F8E /* MissingClassPlayers.json */; };
		B66AF90B1EAE8BF100C15F8E /* MissingSpeciesPlayers.json in Resources */ = {isa = PBXBuildFile; fileRef = B66AF90A1EAE8BF100C15F8E /* MissingSpeciesPlayers.json */; };
		B67450E41F118A8B0061FD6F /* SpeciesNamesTests.swift in Sources */ = {isa = PBXBuildFile; fileRef = B67450E31F118A8B0061FD6F /* SpeciesNamesTests.swift */; };
		B681B7161EAAC8E2001DE78B /* SimpleDice.swift in Sources */ = {isa = PBXBuildFile; fileRef = B681B7151EAAC8E2001DE78B /* SimpleDice.swift */; };
		B681B7181EAAC8EE001DE78B /* DiceModifier.swift in Sources */ = {isa = PBXBuildFile; fileRef = B681B7171EAAC8EE001DE78B /* DiceModifier.swift */; };
		B681B71A1EAAC8FB001DE78B /* CompoundDice.swift in Sources */ = {isa = PBXBuildFile; fileRef = B681B7191EAAC8FB001DE78B /* CompoundDice.swift */; };
		B681B71C1EAAC904001DE78B /* DroppingDice.swift in Sources */ = {isa = PBXBuildFile; fileRef = B681B71B1EAAC904001DE78B /* DroppingDice.swift */; };
		B681B71E1EAACA9B001DE78B /* Die.swift in Sources */ = {isa = PBXBuildFile; fileRef = B681B71D1EAACA9B001DE78B /* Die.swift */; };
		B698515E1F1171EC006A537A /* SpeciesNames.swift in Sources */ = {isa = PBXBuildFile; fileRef = B698515D1F1171EC006A537A /* SpeciesNames.swift */; };
		B69851621F11850A006A537A /* TestSpeciesNames.json in Resources */ = {isa = PBXBuildFile; fileRef = B69851611F11850A006A537A /* TestSpeciesNames.json */; };
		B69F84691E58B8F700A4D2B0 /* Player.swift in Sources */ = {isa = PBXBuildFile; fileRef = B69F84681E58B8F700A4D2B0 /* Player.swift */; };
		B69F846B1E58D33900A4D2B0 /* PlayerTests.swift in Sources */ = {isa = PBXBuildFile; fileRef = B69F846A1E58D33900A4D2B0 /* PlayerTests.swift */; };
		B69F846D1E58D66900A4D2B0 /* Players.swift in Sources */ = {isa = PBXBuildFile; fileRef = B69F846C1E58D66900A4D2B0 /* Players.swift */; };
		B69F846F1E59155A00A4D2B0 /* PlayersTests.swift in Sources */ = {isa = PBXBuildFile; fileRef = B69F846E1E59155A00A4D2B0 /* PlayersTests.swift */; };
		B69F84731E591DE400A4D2B0 /* InvalidClassPlayers.json in Resources */ = {isa = PBXBuildFile; fileRef = B69F84721E591DE400A4D2B0 /* InvalidClassPlayers.json */; };
		B69F84751E591E9800A4D2B0 /* InvalidSpeciesPlayers.json in Resources */ = {isa = PBXBuildFile; fileRef = B69F84741E591E9800A4D2B0 /* InvalidSpeciesPlayers.json */; };
		B6A1AE591F0E4C59008ADF08 /* InvalidConfiguration.json in Resources */ = {isa = PBXBuildFile; fileRef = B6A1AE581F0E4C59008ADF08 /* InvalidConfiguration.json */; };
		B6A29EB51EFE9B9F00DAB40C /* Currencies.swift in Sources */ = {isa = PBXBuildFile; fileRef = B6A29EB41EFE9B9F00DAB40C /* Currencies.swift */; };
		B6CF53901E51DA1300CADD9F /* ClassTraits.swift in Sources */ = {isa = PBXBuildFile; fileRef = B6CF538F1E51DA1300CADD9F /* ClassTraits.swift */; };
		B6CF53921E51DEDD00CADD9F /* ClassTraitsTests.swift in Sources */ = {isa = PBXBuildFile; fileRef = B6CF53911E51DEDD00CADD9F /* ClassTraitsTests.swift */; };
		B6CF53CE1E54DF4500CADD9F /* JSONFile.swift in Sources */ = {isa = PBXBuildFile; fileRef = B6CF53CD1E54DF4500CADD9F /* JSONFile.swift */; };
		B6CF53D01E54E2E200CADD9F /* Classes.swift in Sources */ = {isa = PBXBuildFile; fileRef = B6CF53CF1E54E2E200CADD9F /* Classes.swift */; };
		B6CF53D21E54E2EF00CADD9F /* Species.swift in Sources */ = {isa = PBXBuildFile; fileRef = B6CF53D11E54E2EF00CADD9F /* Species.swift */; };
		B6CF53D91E56442800CADD9F /* SpeciesTests.swift in Sources */ = {isa = PBXBuildFile; fileRef = B6CF53D81E56442800CADD9F /* SpeciesTests.swift */; };
		B6CF53DB1E56443A00CADD9F /* ClassesTests.swift in Sources */ = {isa = PBXBuildFile; fileRef = B6CF53DA1E56443A00CADD9F /* ClassesTests.swift */; };
		B6CF53E51E57429D00CADD9F /* JSONFileTests.swift in Sources */ = {isa = PBXBuildFile; fileRef = B6CF53E41E57429D00CADD9F /* JSONFileTests.swift */; };
		B6CF53E71E5742C700CADD9F /* JSONFile.json in Resources */ = {isa = PBXBuildFile; fileRef = B6CF53E61E5742C700CADD9F /* JSONFile.json */; };
		B6CF53E91E57460F00CADD9F /* InvalidJSONFile.json in Resources */ = {isa = PBXBuildFile; fileRef = B6CF53E81E57460F00CADD9F /* InvalidJSONFile.json */; };
		B6CF53EB1E574ED400CADD9F /* HalfBakedJSONFile.json in Resources */ = {isa = PBXBuildFile; fileRef = B6CF53EA1E574ED400CADD9F /* HalfBakedJSONFile.json */; };
		B6D2EB1F26D7B7E900F99B35 /* RandomIndexGenerator.swift in Sources */ = {isa = PBXBuildFile; fileRef = B6D2EB1E26D7B7E900F99B35 /* RandomIndexGenerator.swift */; };
		B6F070361E4F991D00F66918 /* AlignmentTests.swift in Sources */ = {isa = PBXBuildFile; fileRef = B6F070351E4F991D00F66918 /* AlignmentTests.swift */; };
		B6F070381E4FBD6500F66918 /* SpeciesTraits.swift in Sources */ = {isa = PBXBuildFile; fileRef = B6F070371E4FBD6500F66918 /* SpeciesTraits.swift */; };
		B6F0703A1E4FC03700F66918 /* Money.swift in Sources */ = {isa = PBXBuildFile; fileRef = B6F070391E4FC03700F66918 /* Money.swift */; };
		B6F0703C1E4FC18500F66918 /* SpeciesTraitsTests.swift in Sources */ = {isa = PBXBuildFile; fileRef = B6F0703B1E4FC18500F66918 /* SpeciesTraitsTests.swift */; };
		B6F4AA481F12C9FA000C72D2 /* CharacterGenerator.swift in Sources */ = {isa = PBXBuildFile; fileRef = B6F4AA471F12C9FA000C72D2 /* CharacterGenerator.swift */; };
		B6F4AA4A1F12CD2A000C72D2 /* CharacterGeneratorTests.swift in Sources */ = {isa = PBXBuildFile; fileRef = B6F4AA491F12CD2A000C72D2 /* CharacterGeneratorTests.swift */; };
		B6F4AA4C1F12CE17000C72D2 /* TestCharacterGenerator.json in Resources */ = {isa = PBXBuildFile; fileRef = B6F4AA4B1F12CE17000C72D2 /* TestCharacterGenerator.json */; };
		B6FA6CB01E47ACA1004D91B1 /* UnitCurrency.swift in Sources */ = {isa = PBXBuildFile; fileRef = B6FA6CAF1E47ACA1004D91B1 /* UnitCurrency.swift */; };
		B6FA6CB41E47ACCC004D91B1 /* ServiceError.swift in Sources */ = {isa = PBXBuildFile; fileRef = B6FA6CB31E47ACCC004D91B1 /* ServiceError.swift */; };
		B6FA6CB61E47B080004D91B1 /* CurrencyTests.swift in Sources */ = {isa = PBXBuildFile; fileRef = B6FA6CB51E47B080004D91B1 /* CurrencyTests.swift */; };
		B6FA6CB91E47B4B1004D91B1 /* ServiceErrorTests.swift in Sources */ = {isa = PBXBuildFile; fileRef = B6FA6CB81E47B4B1004D91B1 /* ServiceErrorTests.swift */; };
		B6FA6CBB1E47B7F6004D91B1 /* Height.swift in Sources */ = {isa = PBXBuildFile; fileRef = B6FA6CBA1E47B7F6004D91B1 /* Height.swift */; };
		B6FA6CBD1E47B803004D91B1 /* Weight.swift in Sources */ = {isa = PBXBuildFile; fileRef = B6FA6CBC1E47B803004D91B1 /* Weight.swift */; };
		B6FA6CBF1E47C2F9004D91B1 /* HeightTests.swift in Sources */ = {isa = PBXBuildFile; fileRef = B6FA6CBE1E47C2F9004D91B1 /* HeightTests.swift */; };
		B6FA6CC11E47C306004D91B1 /* WeightTests.swift in Sources */ = {isa = PBXBuildFile; fileRef = B6FA6CC01E47C306004D91B1 /* WeightTests.swift */; };
		B6FA6CC51E4A96D1004D91B1 /* Ability.swift in Sources */ = {isa = PBXBuildFile; fileRef = B6FA6CC41E4A96D1004D91B1 /* Ability.swift */; };
		B6FA6CC91E4BF5F9004D91B1 /* AbilityTests.swift in Sources */ = {isa = PBXBuildFile; fileRef = B6FA6CC81E4BF5F9004D91B1 /* AbilityTests.swift */; };
		B6FA6CCB1E4E7AEA004D91B1 /* Alignment.swift in Sources */ = {isa = PBXBuildFile; fileRef = B6FA6CCA1E4E7AEA004D91B1 /* Alignment.swift */; };
/* End PBXBuildFile section */

/* Begin PBXContainerItemProxy section */
		B62055F91E19DD23002494AB /* PBXContainerItemProxy */ = {
			isa = PBXContainerItemProxy;
			containerPortal = B62055E51E19DD23002494AB /* Project object */;
			proxyType = 1;
			remoteGlobalIDString = B62055ED1E19DD23002494AB;
			remoteInfo = RolePlayingCore;
		};
/* End PBXContainerItemProxy section */

/* Begin PBXFileReference section */
		B62055EE1E19DD23002494AB /* RolePlayingCore.framework */ = {isa = PBXFileReference; explicitFileType = wrapper.framework; includeInIndex = 0; path = RolePlayingCore.framework; sourceTree = BUILT_PRODUCTS_DIR; };
		B62055F11E19DD23002494AB /* RolePlayingCore.h */ = {isa = PBXFileReference; lastKnownFileType = sourcecode.c.h; path = RolePlayingCore.h; sourceTree = "<group>"; };
		B62055F21E19DD23002494AB /* Info.plist */ = {isa = PBXFileReference; lastKnownFileType = text.plist.xml; path = Info.plist; sourceTree = "<group>"; };
		B62055F71E19DD23002494AB /* RolePlayingCoreTests.xctest */ = {isa = PBXFileReference; explicitFileType = wrapper.cfbundle; includeInIndex = 0; path = RolePlayingCoreTests.xctest; sourceTree = BUILT_PRODUCTS_DIR; };
		B62055FC1E19DD23002494AB /* RolePlayingCoreTests.swift */ = {isa = PBXFileReference; lastKnownFileType = sourcecode.swift; path = RolePlayingCoreTests.swift; sourceTree = "<group>"; };
		B62055FE1E19DD23002494AB /* Info.plist */ = {isa = PBXFileReference; lastKnownFileType = text.plist.xml; path = Info.plist; sourceTree = "<group>"; };
		B62056091E19DDC0002494AB /* DiceTests.swift */ = {isa = PBXFileReference; fileEncoding = 4; lastKnownFileType = sourcecode.swift; path = DiceTests.swift; sourceTree = "<group>"; };
		B620560B1E19DDD0002494AB /* Dice.swift */ = {isa = PBXFileReference; fileEncoding = 4; lastKnownFileType = sourcecode.swift; path = Dice.swift; sourceTree = "<group>"; };
		B620560C1E19DDD0002494AB /* DiceParser.swift */ = {isa = PBXFileReference; fileEncoding = 4; lastKnownFileType = sourcecode.swift; path = DiceParser.swift; sourceTree = "<group>"; };
		B621A3961F0C020000E55236 /* NameGenerator.swift */ = {isa = PBXFileReference; lastKnownFileType = sourcecode.swift; path = NameGenerator.swift; sourceTree = "<group>"; };
		B621A3971F0C052D00E55236 /* NameGeneratorTests.swift */ = {isa = PBXFileReference; lastKnownFileType = sourcecode.swift; path = NameGeneratorTests.swift; sourceTree = "<group>"; };
		B62D89C31F09A3870095D587 /* DiceParserTests.swift */ = {isa = PBXFileReference; lastKnownFileType = sourcecode.swift; path = DiceParserTests.swift; sourceTree = "<group>"; };
		B64C369521756BC300C4F6BE /* DiceRoll.swift */ = {isa = PBXFileReference; fileEncoding = 4; lastKnownFileType = sourcecode.swift; path = DiceRoll.swift; sourceTree = "<group>"; };
		B66AF8F41EAE87A800C15F8E /* TestClasses.json */ = {isa = PBXFileReference; fileEncoding = 4; lastKnownFileType = text.json; path = TestClasses.json; sourceTree = "<group>"; };
		B66AF8F51EAE87A800C15F8E /* TestConfiguration.json */ = {isa = PBXFileReference; fileEncoding = 4; lastKnownFileType = text.json; path = TestConfiguration.json; sourceTree = "<group>"; };
		B66AF8F61EAE87A800C15F8E /* TestCurrencies.json */ = {isa = PBXFileReference; fileEncoding = 4; lastKnownFileType = text.json; path = TestCurrencies.json; sourceTree = "<group>"; };
		B66AF8F71EAE87A800C15F8E /* TestMoreClasses.json */ = {isa = PBXFileReference; fileEncoding = 4; lastKnownFileType = text.json; path = TestMoreClasses.json; sourceTree = "<group>"; };
		B66AF8F81EAE87A800C15F8E /* TestMoreSpecies.json */ = {isa = PBXFileReference; fileEncoding = 4; lastKnownFileType = text.json; path = TestMoreSpecies.json; sourceTree = "<group>"; };
		B66AF8F91EAE87A800C15F8E /* TestNames.json */ = {isa = PBXFileReference; fileEncoding = 4; lastKnownFileType = text.json; path = TestNames.json; sourceTree = "<group>"; };
		B66AF8FA1EAE87A800C15F8E /* TestPlayers.json */ = {isa = PBXFileReference; fileEncoding = 4; lastKnownFileType = text.json; path = TestPlayers.json; sourceTree = "<group>"; };
		B66AF8FB1EAE87A800C15F8E /* TestSpecies.json */ = {isa = PBXFileReference; fileEncoding = 4; lastKnownFileType = text.json; path = TestSpecies.json; sourceTree = "<group>"; };
		B66AF9041EAE88C300C15F8E /* Configuration.swift */ = {isa = PBXFileReference; fileEncoding = 4; lastKnownFileType = sourcecode.swift; path = Configuration.swift; sourceTree = "<group>"; };
		B66AF9061EAE88FF00C15F8E /* ConfigurationTests.swift */ = {isa = PBXFileReference; fileEncoding = 4; lastKnownFileType = sourcecode.swift; path = ConfigurationTests.swift; sourceTree = "<group>"; };
		B66AF9081EAE8B8000C15F8E /* MissingClassPlayers.json */ = {isa = PBXFileReference; fileEncoding = 4; lastKnownFileType = text.json; path = MissingClassPlayers.json; sourceTree = "<group>"; };
		B66AF90A1EAE8BF100C15F8E /* MissingSpeciesPlayers.json */ = {isa = PBXFileReference; fileEncoding = 4; lastKnownFileType = text.json; path = MissingSpeciesPlayers.json; sourceTree = "<group>"; };
		B67450E31F118A8B0061FD6F /* SpeciesNamesTests.swift */ = {isa = PBXFileReference; lastKnownFileType = sourcecode.swift; path = SpeciesNamesTests.swift; sourceTree = "<group>"; };
		B681B7151EAAC8E2001DE78B /* SimpleDice.swift */ = {isa = PBXFileReference; fileEncoding = 4; lastKnownFileType = sourcecode.swift; path = SimpleDice.swift; sourceTree = "<group>"; };
		B681B7171EAAC8EE001DE78B /* DiceModifier.swift */ = {isa = PBXFileReference; fileEncoding = 4; lastKnownFileType = sourcecode.swift; path = DiceModifier.swift; sourceTree = "<group>"; };
		B681B7191EAAC8FB001DE78B /* CompoundDice.swift */ = {isa = PBXFileReference; fileEncoding = 4; lastKnownFileType = sourcecode.swift; path = CompoundDice.swift; sourceTree = "<group>"; };
		B681B71B1EAAC904001DE78B /* DroppingDice.swift */ = {isa = PBXFileReference; fileEncoding = 4; lastKnownFileType = sourcecode.swift; path = DroppingDice.swift; sourceTree = "<group>"; };
		B681B71D1EAACA9B001DE78B /* Die.swift */ = {isa = PBXFileReference; fileEncoding = 4; lastKnownFileType = sourcecode.swift; path = Die.swift; sourceTree = "<group>"; };
		B698515D1F1171EC006A537A /* SpeciesNames.swift */ = {isa = PBXFileReference; lastKnownFileType = sourcecode.swift; path = SpeciesNames.swift; sourceTree = "<group>"; };
		B69851611F11850A006A537A /* TestSpeciesNames.json */ = {isa = PBXFileReference; lastKnownFileType = text.json; path = TestSpeciesNames.json; sourceTree = "<group>"; };
		B69F84681E58B8F700A4D2B0 /* Player.swift */ = {isa = PBXFileReference; fileEncoding = 4; lastKnownFileType = sourcecode.swift; path = Player.swift; sourceTree = "<group>"; };
		B69F846A1E58D33900A4D2B0 /* PlayerTests.swift */ = {isa = PBXFileReference; fileEncoding = 4; lastKnownFileType = sourcecode.swift; path = PlayerTests.swift; sourceTree = "<group>"; };
		B69F846C1E58D66900A4D2B0 /* Players.swift */ = {isa = PBXFileReference; fileEncoding = 4; lastKnownFileType = sourcecode.swift; path = Players.swift; sourceTree = "<group>"; };
		B69F846E1E59155A00A4D2B0 /* PlayersTests.swift */ = {isa = PBXFileReference; fileEncoding = 4; lastKnownFileType = sourcecode.swift; path = PlayersTests.swift; sourceTree = "<group>"; };
		B69F84721E591DE400A4D2B0 /* InvalidClassPlayers.json */ = {isa = PBXFileReference; fileEncoding = 4; lastKnownFileType = text.json; path = InvalidClassPlayers.json; sourceTree = "<group>"; };
		B69F84741E591E9800A4D2B0 /* InvalidSpeciesPlayers.json */ = {isa = PBXFileReference; fileEncoding = 4; lastKnownFileType = text.json; path = InvalidSpeciesPlayers.json; sourceTree = "<group>"; };
		B6A1AE581F0E4C59008ADF08 /* InvalidConfiguration.json */ = {isa = PBXFileReference; lastKnownFileType = text.json; path = InvalidConfiguration.json; sourceTree = "<group>"; };
		B6A29EB41EFE9B9F00DAB40C /* Currencies.swift */ = {isa = PBXFileReference; lastKnownFileType = sourcecode.swift; path = Currencies.swift; sourceTree = "<group>"; };
		B6CF538F1E51DA1300CADD9F /* ClassTraits.swift */ = {isa = PBXFileReference; fileEncoding = 4; lastKnownFileType = sourcecode.swift; path = ClassTraits.swift; sourceTree = "<group>"; };
		B6CF53911E51DEDD00CADD9F /* ClassTraitsTests.swift */ = {isa = PBXFileReference; fileEncoding = 4; lastKnownFileType = sourcecode.swift; path = ClassTraitsTests.swift; sourceTree = "<group>"; };
		B6CF53CD1E54DF4500CADD9F /* JSONFile.swift */ = {isa = PBXFileReference; fileEncoding = 4; lastKnownFileType = sourcecode.swift; path = JSONFile.swift; sourceTree = "<group>"; };
		B6CF53CF1E54E2E200CADD9F /* Classes.swift */ = {isa = PBXFileReference; fileEncoding = 4; lastKnownFileType = sourcecode.swift; path = Classes.swift; sourceTree = "<group>"; };
		B6CF53D11E54E2EF00CADD9F /* Species.swift */ = {isa = PBXFileReference; fileEncoding = 4; lastKnownFileType = sourcecode.swift; path = Species.swift; sourceTree = "<group>"; };
		B6CF53D81E56442800CADD9F /* SpeciesTests.swift */ = {isa = PBXFileReference; fileEncoding = 4; lastKnownFileType = sourcecode.swift; path = SpeciesTests.swift; sourceTree = "<group>"; };
		B6CF53DA1E56443A00CADD9F /* ClassesTests.swift */ = {isa = PBXFileReference; fileEncoding = 4; lastKnownFileType = sourcecode.swift; path = ClassesTests.swift; sourceTree = "<group>"; };
		B6CF53E41E57429D00CADD9F /* JSONFileTests.swift */ = {isa = PBXFileReference; fileEncoding = 4; lastKnownFileType = sourcecode.swift; path = JSONFileTests.swift; sourceTree = "<group>"; };
		B6CF53E61E5742C700CADD9F /* JSONFile.json */ = {isa = PBXFileReference; fileEncoding = 4; lastKnownFileType = text.json; path = JSONFile.json; sourceTree = "<group>"; };
		B6CF53E81E57460F00CADD9F /* InvalidJSONFile.json */ = {isa = PBXFileReference; fileEncoding = 4; lastKnownFileType = text.json; path = InvalidJSONFile.json; sourceTree = "<group>"; };
		B6CF53EA1E574ED400CADD9F /* HalfBakedJSONFile.json */ = {isa = PBXFileReference; fileEncoding = 4; lastKnownFileType = text.json; path = HalfBakedJSONFile.json; sourceTree = "<group>"; };
		B6D2EB1E26D7B7E900F99B35 /* RandomIndexGenerator.swift */ = {isa = PBXFileReference; lastKnownFileType = sourcecode.swift; path = RandomIndexGenerator.swift; sourceTree = "<group>"; };
		B6F070351E4F991D00F66918 /* AlignmentTests.swift */ = {isa = PBXFileReference; fileEncoding = 4; lastKnownFileType = sourcecode.swift; path = AlignmentTests.swift; sourceTree = "<group>"; };
		B6F070371E4FBD6500F66918 /* SpeciesTraits.swift */ = {isa = PBXFileReference; fileEncoding = 4; lastKnownFileType = sourcecode.swift; path = SpeciesTraits.swift; sourceTree = "<group>"; };
		B6F070391E4FC03700F66918 /* Money.swift */ = {isa = PBXFileReference; fileEncoding = 4; lastKnownFileType = sourcecode.swift; path = Money.swift; sourceTree = "<group>"; };
		B6F0703B1E4FC18500F66918 /* SpeciesTraitsTests.swift */ = {isa = PBXFileReference; fileEncoding = 4; lastKnownFileType = sourcecode.swift; path = SpeciesTraitsTests.swift; sourceTree = "<group>"; };
		B6F4AA471F12C9FA000C72D2 /* CharacterGenerator.swift */ = {isa = PBXFileReference; fileEncoding = 4; lastKnownFileType = sourcecode.swift; path = CharacterGenerator.swift; sourceTree = "<group>"; };
		B6F4AA491F12CD2A000C72D2 /* CharacterGeneratorTests.swift */ = {isa = PBXFileReference; lastKnownFileType = sourcecode.swift; path = CharacterGeneratorTests.swift; sourceTree = "<group>"; };
		B6F4AA4B1F12CE17000C72D2 /* TestCharacterGenerator.json */ = {isa = PBXFileReference; lastKnownFileType = text.json; path = TestCharacterGenerator.json; sourceTree = "<group>"; };
		B6FA6CAF1E47ACA1004D91B1 /* UnitCurrency.swift */ = {isa = PBXFileReference; fileEncoding = 4; lastKnownFileType = sourcecode.swift; path = UnitCurrency.swift; sourceTree = "<group>"; };
		B6FA6CB31E47ACCC004D91B1 /* ServiceError.swift */ = {isa = PBXFileReference; fileEncoding = 4; lastKnownFileType = sourcecode.swift; path = ServiceError.swift; sourceTree = "<group>"; };
		B6FA6CB51E47B080004D91B1 /* CurrencyTests.swift */ = {isa = PBXFileReference; fileEncoding = 4; lastKnownFileType = sourcecode.swift; path = CurrencyTests.swift; sourceTree = "<group>"; };
		B6FA6CB81E47B4B1004D91B1 /* ServiceErrorTests.swift */ = {isa = PBXFileReference; fileEncoding = 4; lastKnownFileType = sourcecode.swift; path = ServiceErrorTests.swift; sourceTree = "<group>"; };
		B6FA6CBA1E47B7F6004D91B1 /* Height.swift */ = {isa = PBXFileReference; fileEncoding = 4; lastKnownFileType = sourcecode.swift; path = Height.swift; sourceTree = "<group>"; };
		B6FA6CBC1E47B803004D91B1 /* Weight.swift */ = {isa = PBXFileReference; fileEncoding = 4; lastKnownFileType = sourcecode.swift; path = Weight.swift; sourceTree = "<group>"; };
		B6FA6CBE1E47C2F9004D91B1 /* HeightTests.swift */ = {isa = PBXFileReference; fileEncoding = 4; lastKnownFileType = sourcecode.swift; path = HeightTests.swift; sourceTree = "<group>"; };
		B6FA6CC01E47C306004D91B1 /* WeightTests.swift */ = {isa = PBXFileReference; fileEncoding = 4; lastKnownFileType = sourcecode.swift; path = WeightTests.swift; sourceTree = "<group>"; };
		B6FA6CC41E4A96D1004D91B1 /* Ability.swift */ = {isa = PBXFileReference; fileEncoding = 4; lastKnownFileType = sourcecode.swift; path = Ability.swift; sourceTree = "<group>"; };
		B6FA6CC81E4BF5F9004D91B1 /* AbilityTests.swift */ = {isa = PBXFileReference; fileEncoding = 4; lastKnownFileType = sourcecode.swift; path = AbilityTests.swift; sourceTree = "<group>"; };
		B6FA6CCA1E4E7AEA004D91B1 /* Alignment.swift */ = {isa = PBXFileReference; fileEncoding = 4; lastKnownFileType = sourcecode.swift; path = Alignment.swift; sourceTree = "<group>"; };
/* End PBXFileReference section */

/* Begin PBXFrameworksBuildPhase section */
		B62055EA1E19DD23002494AB /* Frameworks */ = {
			isa = PBXFrameworksBuildPhase;
			buildActionMask = 2147483647;
			files = (
			);
			runOnlyForDeploymentPostprocessing = 0;
		};
		B62055F41E19DD23002494AB /* Frameworks */ = {
			isa = PBXFrameworksBuildPhase;
			buildActionMask = 2147483647;
			files = (
				B62055F81E19DD23002494AB /* RolePlayingCore.framework in Frameworks */,
			);
			runOnlyForDeploymentPostprocessing = 0;
		};
/* End PBXFrameworksBuildPhase section */

/* Begin PBXGroup section */
		B62055E41E19DD23002494AB = {
			isa = PBXGroup;
			children = (
				B62055F01E19DD23002494AB /* RolePlayingCore */,
				B62055FB1E19DD23002494AB /* RolePlayingCoreTests */,
				B62055EF1E19DD23002494AB /* Products */,
			);
			sourceTree = "<group>";
		};
		B62055EF1E19DD23002494AB /* Products */ = {
			isa = PBXGroup;
			children = (
				B62055EE1E19DD23002494AB /* RolePlayingCore.framework */,
				B62055F71E19DD23002494AB /* RolePlayingCoreTests.xctest */,
			);
			name = Products;
			sourceTree = "<group>";
		};
		B62055F01E19DD23002494AB /* RolePlayingCore */ = {
			isa = PBXGroup;
			children = (
				B6F4AA461F12C9E5000C72D2 /* Configuration */,
				B6FA6CAD1E47AC8D004D91B1 /* Common */,
				B6FA6CAE1E47AC8D004D91B1 /* Currency */,
				B62056081E19DD5D002494AB /* Dice */,
				B6FA6CC31E4A96C2004D91B1 /* Player */,
				B62055F11E19DD23002494AB /* RolePlayingCore.h */,
				B62055F21E19DD23002494AB /* Info.plist */,
			);
			path = RolePlayingCore;
			sourceTree = "<group>";
		};
		B62055FB1E19DD23002494AB /* RolePlayingCoreTests */ = {
			isa = PBXGroup;
			children = (
				B62055FC1E19DD23002494AB /* RolePlayingCoreTests.swift */,
				B6FA6CC81E4BF5F9004D91B1 /* AbilityTests.swift */,
				B6F070351E4F991D00F66918 /* AlignmentTests.swift */,
				B69F846A1E58D33900A4D2B0 /* PlayerTests.swift */,
				B69F846E1E59155A00A4D2B0 /* PlayersTests.swift */,
				B6FA6CB51E47B080004D91B1 /* CurrencyTests.swift */,
				B62056091E19DDC0002494AB /* DiceTests.swift */,
				B62D89C31F09A3870095D587 /* DiceParserTests.swift */,
				B6FA6CBE1E47C2F9004D91B1 /* HeightTests.swift */,
				B6FA6CC01E47C306004D91B1 /* WeightTests.swift */,
				B6CF53911E51DEDD00CADD9F /* ClassTraitsTests.swift */,
				B6CF53DA1E56443A00CADD9F /* ClassesTests.swift */,
				B6F0703B1E4FC18500F66918 /* SpeciesTraitsTests.swift */,
				B6CF53D81E56442800CADD9F /* SpeciesTests.swift */,
				B66AF9061EAE88FF00C15F8E /* ConfigurationTests.swift */,
				B6CF53E41E57429D00CADD9F /* JSONFileTests.swift */,
				B6FA6CB81E47B4B1004D91B1 /* ServiceErrorTests.swift */,
				B67450E31F118A8B0061FD6F /* SpeciesNamesTests.swift */,
				B621A3971F0C052D00E55236 /* NameGeneratorTests.swift */,
				B6F4AA491F12CD2A000C72D2 /* CharacterGeneratorTests.swift */,
				B6CF53E61E5742C700CADD9F /* JSONFile.json */,
				B6CF53E81E57460F00CADD9F /* InvalidJSONFile.json */,
				B6CF53EA1E574ED400CADD9F /* HalfBakedJSONFile.json */,
				B66AF9081EAE8B8000C15F8E /* MissingClassPlayers.json */,
				B66AF90A1EAE8BF100C15F8E /* MissingSpeciesPlayers.json */,
				B69F84721E591DE400A4D2B0 /* InvalidClassPlayers.json */,
				B69F84741E591E9800A4D2B0 /* InvalidSpeciesPlayers.json */,
				B66AF8F41EAE87A800C15F8E /* TestClasses.json */,
				B66AF8F71EAE87A800C15F8E /* TestMoreClasses.json */,
				B66AF8F51EAE87A800C15F8E /* TestConfiguration.json */,
				B6F4AA4B1F12CE17000C72D2 /* TestCharacterGenerator.json */,
				B66AF8F61EAE87A800C15F8E /* TestCurrencies.json */,
				B66AF8F91EAE87A800C15F8E /* TestNames.json */,
				B69851611F11850A006A537A /* TestSpeciesNames.json */,
				B66AF8FA1EAE87A800C15F8E /* TestPlayers.json */,
				B66AF8FB1EAE87A800C15F8E /* TestSpecies.json */,
				B66AF8F81EAE87A800C15F8E /* TestMoreSpecies.json */,
				B6A1AE581F0E4C59008ADF08 /* InvalidConfiguration.json */,
				B62055FE1E19DD23002494AB /* Info.plist */,
			);
			path = RolePlayingCoreTests;
			sourceTree = "<group>";
		};
		B62056081E19DD5D002494AB /* Dice */ = {
			isa = PBXGroup;
			children = (
				B681B71D1EAACA9B001DE78B /* Die.swift */,
				B620560B1E19DDD0002494AB /* Dice.swift */,
				B64C369521756BC300C4F6BE /* DiceRoll.swift */,
				B681B7151EAAC8E2001DE78B /* SimpleDice.swift */,
				B681B7171EAAC8EE001DE78B /* DiceModifier.swift */,
				B681B7191EAAC8FB001DE78B /* CompoundDice.swift */,
				B681B71B1EAAC904001DE78B /* DroppingDice.swift */,
				B620560C1E19DDD0002494AB /* DiceParser.swift */,
			);
			path = Dice;
			sourceTree = "<group>";
		};
		B6F4AA461F12C9E5000C72D2 /* Configuration */ = {
			isa = PBXGroup;
			children = (
				B66AF9041EAE88C300C15F8E /* Configuration.swift */,
				B6F4AA471F12C9FA000C72D2 /* CharacterGenerator.swift */,
			);
			path = Configuration;
			sourceTree = "<group>";
		};
		B6FA6CAD1E47AC8D004D91B1 /* Common */ = {
			isa = PBXGroup;
			children = (
				B6FA6CB31E47ACCC004D91B1 /* ServiceError.swift */,
				B6FA6CBA1E47B7F6004D91B1 /* Height.swift */,
				B6FA6CBC1E47B803004D91B1 /* Weight.swift */,
				B621A3961F0C020000E55236 /* NameGenerator.swift */,
				B6D2EB1E26D7B7E900F99B35 /* RandomIndexGenerator.swift */,
				B6CF53CD1E54DF4500CADD9F /* JSONFile.swift */,
				B698515D1F1171EC006A537A /* SpeciesNames.swift */,
			);
			path = Common;
			sourceTree = "<group>";
		};
		B6FA6CAE1E47AC8D004D91B1 /* Currency */ = {
			isa = PBXGroup;
			children = (
				B6FA6CAF1E47ACA1004D91B1 /* UnitCurrency.swift */,
				B6A29EB41EFE9B9F00DAB40C /* Currencies.swift */,
				B6F070391E4FC03700F66918 /* Money.swift */,
			);
			path = Currency;
			sourceTree = "<group>";
		};
		B6FA6CC31E4A96C2004D91B1 /* Player */ = {
			isa = PBXGroup;
			children = (
				B6FA6CC41E4A96D1004D91B1 /* Ability.swift */,
				B6FA6CCA1E4E7AEA004D91B1 /* Alignment.swift */,
				B6CF538F1E51DA1300CADD9F /* ClassTraits.swift */,
				B6CF53CF1E54E2E200CADD9F /* Classes.swift */,
				B69F84681E58B8F700A4D2B0 /* Player.swift */,
				B69F846C1E58D66900A4D2B0 /* Players.swift */,
				B6F070371E4FBD6500F66918 /* SpeciesTraits.swift */,
				B6CF53D11E54E2EF00CADD9F /* Species.swift */,
			);
			path = Player;
			sourceTree = "<group>";
		};
/* End PBXGroup section */

/* Begin PBXHeadersBuildPhase section */
		B62055EB1E19DD23002494AB /* Headers */ = {
			isa = PBXHeadersBuildPhase;
			buildActionMask = 2147483647;
			files = (
				B62055FF1E19DD23002494AB /* RolePlayingCore.h in Headers */,
			);
			runOnlyForDeploymentPostprocessing = 0;
		};
/* End PBXHeadersBuildPhase section */

/* Begin PBXNativeTarget section */
		B62055ED1E19DD23002494AB /* RolePlayingCore */ = {
			isa = PBXNativeTarget;
			buildConfigurationList = B62056021E19DD23002494AB /* Build configuration list for PBXNativeTarget "RolePlayingCore" */;
			buildPhases = (
				B62055E91E19DD23002494AB /* Sources */,
				B62055EA1E19DD23002494AB /* Frameworks */,
				B62055EB1E19DD23002494AB /* Headers */,
				B62055EC1E19DD23002494AB /* Resources */,
			);
			buildRules = (
			);
			dependencies = (
			);
			name = RolePlayingCore;
			productName = RolePlayingCore;
			productReference = B62055EE1E19DD23002494AB /* RolePlayingCore.framework */;
			productType = "com.apple.product-type.framework";
		};
		B62055F61E19DD23002494AB /* RolePlayingCoreTests */ = {
			isa = PBXNativeTarget;
			buildConfigurationList = B62056051E19DD23002494AB /* Build configuration list for PBXNativeTarget "RolePlayingCoreTests" */;
			buildPhases = (
				B62055F31E19DD23002494AB /* Sources */,
				B62055F41E19DD23002494AB /* Frameworks */,
				B62055F51E19DD23002494AB /* Resources */,
			);
			buildRules = (
			);
			dependencies = (
				B62055FA1E19DD23002494AB /* PBXTargetDependency */,
			);
			name = RolePlayingCoreTests;
			productName = RolePlayingCoreTests;
			productReference = B62055F71E19DD23002494AB /* RolePlayingCoreTests.xctest */;
			productType = "com.apple.product-type.bundle.unit-test";
		};
/* End PBXNativeTarget section */

/* Begin PBXProject section */
		B62055E51E19DD23002494AB /* Project object */ = {
			isa = PBXProject;
			attributes = {
				BuildIndependentTargetsInParallel = YES;
				LastSwiftUpdateCheck = 0820;
				LastUpgradeCheck = 1620;
				ORGANIZATIONNAME = "Brian Arnold";
				TargetAttributes = {
					B62055ED1E19DD23002494AB = {
						CreatedOnToolsVersion = 8.2.1;
						LastSwiftMigration = 1020;
						ProvisioningStyle = Automatic;
					};
					B62055F61E19DD23002494AB = {
						CreatedOnToolsVersion = 8.2.1;
						DevelopmentTeam = J69E69SP27;
						LastSwiftMigration = 1020;
						ProvisioningStyle = Automatic;
					};
				};
			};
			buildConfigurationList = B62055E81E19DD23002494AB /* Build configuration list for PBXProject "RolePlayingCore" */;
			compatibilityVersion = "Xcode 3.2";
			developmentRegion = en;
			hasScannedForEncodings = 0;
			knownRegions = (
				en,
				Base,
			);
			mainGroup = B62055E41E19DD23002494AB;
			productRefGroup = B62055EF1E19DD23002494AB /* Products */;
			projectDirPath = "";
			projectRoot = "";
			targets = (
				B62055ED1E19DD23002494AB /* RolePlayingCore */,
				B62055F61E19DD23002494AB /* RolePlayingCoreTests */,
			);
		};
/* End PBXProject section */

/* Begin PBXResourcesBuildPhase section */
		B62055EC1E19DD23002494AB /* Resources */ = {
			isa = PBXResourcesBuildPhase;
			buildActionMask = 2147483647;
			files = (
			);
			runOnlyForDeploymentPostprocessing = 0;
		};
		B62055F51E19DD23002494AB /* Resources */ = {
			isa = PBXResourcesBuildPhase;
			buildActionMask = 2147483647;
			files = (
				B69851621F11850A006A537A /* TestSpeciesNames.json in Resources */,
				B6A1AE591F0E4C59008ADF08 /* InvalidConfiguration.json in Resources */,
				B6CF53E91E57460F00CADD9F /* InvalidJSONFile.json in Resources */,
				B66AF9021EAE87A800C15F8E /* TestPlayers.json in Resources */,
				B66AF8FE1EAE87A800C15F8E /* TestCurrencies.json in Resources */,
				B66AF90B1EAE8BF100C15F8E /* MissingSpeciesPlayers.json in Resources */,
				B69F84751E591E9800A4D2B0 /* InvalidSpeciesPlayers.json in Resources */,
				B66AF9011EAE87A800C15F8E /* TestNames.json in Resources */,
				B66AF8FD1EAE87A800C15F8E /* TestConfiguration.json in Resources */,
				B66AF9091EAE8B8100C15F8E /* MissingClassPlayers.json in Resources */,
				B69F84731E591DE400A4D2B0 /* InvalidClassPlayers.json in Resources */,
				B66AF8FF1EAE87A800C15F8E /* TestMoreClasses.json in Resources */,
				B66AF9031EAE87A800C15F8E /* TestSpecies.json in Resources */,
				B6F4AA4C1F12CE17000C72D2 /* TestCharacterGenerator.json in Resources */,
				B66AF9001EAE87A800C15F8E /* TestMoreSpecies.json in Resources */,
				B6CF53EB1E574ED400CADD9F /* HalfBakedJSONFile.json in Resources */,
				B66AF8FC1EAE87A800C15F8E /* TestClasses.json in Resources */,
				B6CF53E71E5742C700CADD9F /* JSONFile.json in Resources */,
			);
			runOnlyForDeploymentPostprocessing = 0;
		};
/* End PBXResourcesBuildPhase section */

/* Begin PBXSourcesBuildPhase section */
		B62055E91E19DD23002494AB /* Sources */ = {
			isa = PBXSourcesBuildPhase;
			buildActionMask = 2147483647;
			files = (
				B69F846D1E58D66900A4D2B0 /* Players.swift in Sources */,
				B681B71C1EAAC904001DE78B /* DroppingDice.swift in Sources */,
				B681B7161EAAC8E2001DE78B /* SimpleDice.swift in Sources */,
				B6F4AA481F12C9FA000C72D2 /* CharacterGenerator.swift in Sources */,
				B6FA6CB41E47ACCC004D91B1 /* ServiceError.swift in Sources */,
				B6D2EB1F26D7B7E900F99B35 /* RandomIndexGenerator.swift in Sources */,
				B6F0703A1E4FC03700F66918 /* Money.swift in Sources */,
				B6FA6CCB1E4E7AEA004D91B1 /* Alignment.swift in Sources */,
				B698515E1F1171EC006A537A /* SpeciesNames.swift in Sources */,
				B6A29EB51EFE9B9F00DAB40C /* Currencies.swift in Sources */,
				B66AF9051EAE88C300C15F8E /* Configuration.swift in Sources */,
				B6CF53CE1E54DF4500CADD9F /* JSONFile.swift in Sources */,
				B6CF53D21E54E2EF00CADD9F /* Species.swift in Sources */,
				B6FA6CB01E47ACA1004D91B1 /* UnitCurrency.swift in Sources */,
				B6CF53901E51DA1300CADD9F /* ClassTraits.swift in Sources */,
				B621A3991F0C06A700E55236 /* NameGenerator.swift in Sources */,
				B681B71E1EAACA9B001DE78B /* Die.swift in Sources */,
				B64C369621756BC300C4F6BE /* DiceRoll.swift in Sources */,
				B620560E1E19DDD0002494AB /* Dice.swift in Sources */,
				B6CF53D01E54E2E200CADD9F /* Classes.swift in Sources */,
				B620560F1E19DDD0002494AB /* DiceParser.swift in Sources */,
				B6FA6CBB1E47B7F6004D91B1 /* Height.swift in Sources */,
				B6F070381E4FBD6500F66918 /* SpeciesTraits.swift in Sources */,
				B681B71A1EAAC8FB001DE78B /* CompoundDice.swift in Sources */,
				B6FA6CBD1E47B803004D91B1 /* Weight.swift in Sources */,
				B6FA6CC51E4A96D1004D91B1 /* Ability.swift in Sources */,
				B681B7181EAAC8EE001DE78B /* DiceModifier.swift in Sources */,
				B69F84691E58B8F700A4D2B0 /* Player.swift in Sources */,
			);
			runOnlyForDeploymentPostprocessing = 0;
		};
		B62055F31E19DD23002494AB /* Sources */ = {
			isa = PBXSourcesBuildPhase;
			buildActionMask = 2147483647;
			files = (
				B6CF53E51E57429D00CADD9F /* JSONFileTests.swift in Sources */,
				B6CF53D91E56442800CADD9F /* SpeciesTests.swift in Sources */,
				B6F0703C1E4FC18500F66918 /* SpeciesTraitsTests.swift in Sources */,
				B6F4AA4A1F12CD2A000C72D2 /* CharacterGeneratorTests.swift in Sources */,
				B69F846F1E59155A00A4D2B0 /* PlayersTests.swift in Sources */,
				B62D89C41F09A3870095D587 /* DiceParserTests.swift in Sources */,
				B6CF53DB1E56443A00CADD9F /* ClassesTests.swift in Sources */,
				B621A3981F0C052D00E55236 /* NameGeneratorTests.swift in Sources */,
				B6CF53921E51DEDD00CADD9F /* ClassTraitsTests.swift in Sources */,
				B6FA6CB91E47B4B1004D91B1 /* ServiceErrorTests.swift in Sources */,
				B67450E41F118A8B0061FD6F /* SpeciesNamesTests.swift in Sources */,
				B6F070361E4F991D00F66918 /* AlignmentTests.swift in Sources */,
				B6FA6CC91E4BF5F9004D91B1 /* AbilityTests.swift in Sources */,
				B6FA6CB61E47B080004D91B1 /* CurrencyTests.swift in Sources */,
				B620560A1E19DDC0002494AB /* DiceTests.swift in Sources */,
				B6FA6CBF1E47C2F9004D91B1 /* HeightTests.swift in Sources */,
				B62055FD1E19DD23002494AB /* RolePlayingCoreTests.swift in Sources */,
				B6FA6CC11E47C306004D91B1 /* WeightTests.swift in Sources */,
				B66AF9071EAE88FF00C15F8E /* ConfigurationTests.swift in Sources */,
				B69F846B1E58D33900A4D2B0 /* PlayerTests.swift in Sources */,
			);
			runOnlyForDeploymentPostprocessing = 0;
		};
/* End PBXSourcesBuildPhase section */

/* Begin PBXTargetDependency section */
		B62055FA1E19DD23002494AB /* PBXTargetDependency */ = {
			isa = PBXTargetDependency;
			target = B62055ED1E19DD23002494AB /* RolePlayingCore */;
			targetProxy = B62055F91E19DD23002494AB /* PBXContainerItemProxy */;
		};
/* End PBXTargetDependency section */

/* Begin XCBuildConfiguration section */
		B62056001E19DD23002494AB /* Debug */ = {
			isa = XCBuildConfiguration;
			buildSettings = {
				ALWAYS_SEARCH_USER_PATHS = NO;
				ASSETCATALOG_COMPILER_GENERATE_SWIFT_ASSET_SYMBOL_EXTENSIONS = YES;
				CLANG_ANALYZER_LOCALIZABILITY_NONLOCALIZED = YES;
				CLANG_ANALYZER_NONNULL = YES;
				CLANG_CXX_LANGUAGE_STANDARD = "gnu++0x";
				CLANG_CXX_LIBRARY = "libc++";
				CLANG_ENABLE_MODULES = YES;
				CLANG_ENABLE_OBJC_ARC = YES;
				CLANG_WARN_BLOCK_CAPTURE_AUTORELEASING = YES;
				CLANG_WARN_BOOL_CONVERSION = YES;
				CLANG_WARN_COMMA = YES;
				CLANG_WARN_CONSTANT_CONVERSION = YES;
				CLANG_WARN_DEPRECATED_OBJC_IMPLEMENTATIONS = YES;
				CLANG_WARN_DIRECT_OBJC_ISA_USAGE = YES_ERROR;
				CLANG_WARN_DOCUMENTATION_COMMENTS = YES;
				CLANG_WARN_EMPTY_BODY = YES;
				CLANG_WARN_ENUM_CONVERSION = YES;
				CLANG_WARN_INFINITE_RECURSION = YES;
				CLANG_WARN_INT_CONVERSION = YES;
				CLANG_WARN_NON_LITERAL_NULL_CONVERSION = YES;
				CLANG_WARN_OBJC_IMPLICIT_RETAIN_SELF = YES;
				CLANG_WARN_OBJC_LITERAL_CONVERSION = YES;
				CLANG_WARN_OBJC_ROOT_CLASS = YES_ERROR;
				CLANG_WARN_QUOTED_INCLUDE_IN_FRAMEWORK_HEADER = YES;
				CLANG_WARN_RANGE_LOOP_ANALYSIS = YES;
				CLANG_WARN_STRICT_PROTOTYPES = YES;
				CLANG_WARN_SUSPICIOUS_MOVE = YES;
				CLANG_WARN_UNREACHABLE_CODE = YES;
				CLANG_WARN__DUPLICATE_METHOD_MATCH = YES;
				"CODE_SIGN_IDENTITY[sdk=iphoneos*]" = "iPhone Developer";
				COPY_PHASE_STRIP = NO;
				CURRENT_PROJECT_VERSION = 1;
				DEBUG_INFORMATION_FORMAT = dwarf;
				ENABLE_STRICT_OBJC_MSGSEND = YES;
				ENABLE_TESTABILITY = YES;
				ENABLE_USER_SCRIPT_SANDBOXING = YES;
				GCC_C_LANGUAGE_STANDARD = gnu99;
				GCC_DYNAMIC_NO_PIC = NO;
				GCC_NO_COMMON_BLOCKS = YES;
				GCC_OPTIMIZATION_LEVEL = 0;
				GCC_PREPROCESSOR_DEFINITIONS = (
					"DEBUG=1",
					"$(inherited)",
				);
				GCC_WARN_64_TO_32_BIT_CONVERSION = YES;
				GCC_WARN_ABOUT_RETURN_TYPE = YES_ERROR;
				GCC_WARN_UNDECLARED_SELECTOR = YES;
				GCC_WARN_UNINITIALIZED_AUTOS = YES_AGGRESSIVE;
				GCC_WARN_UNUSED_FUNCTION = YES;
				GCC_WARN_UNUSED_VARIABLE = YES;
				IPHONEOS_DEPLOYMENT_TARGET = 12.0;
				MTL_ENABLE_DEBUG_INFO = YES;
				ONLY_ACTIVE_ARCH = YES;
				SDKROOT = iphoneos;
				SWIFT_ACTIVE_COMPILATION_CONDITIONS = DEBUG;
				SWIFT_OPTIMIZATION_LEVEL = "-Onone";
				TARGETED_DEVICE_FAMILY = "1,2";
				VERSIONING_SYSTEM = "apple-generic";
				VERSION_INFO_PREFIX = "";
			};
			name = Debug;
		};
		B62056011E19DD23002494AB /* Release */ = {
			isa = XCBuildConfiguration;
			buildSettings = {
				ALWAYS_SEARCH_USER_PATHS = NO;
				ASSETCATALOG_COMPILER_GENERATE_SWIFT_ASSET_SYMBOL_EXTENSIONS = YES;
				CLANG_ANALYZER_LOCALIZABILITY_NONLOCALIZED = YES;
				CLANG_ANALYZER_NONNULL = YES;
				CLANG_CXX_LANGUAGE_STANDARD = "gnu++0x";
				CLANG_CXX_LIBRARY = "libc++";
				CLANG_ENABLE_MODULES = YES;
				CLANG_ENABLE_OBJC_ARC = YES;
				CLANG_WARN_BLOCK_CAPTURE_AUTORELEASING = YES;
				CLANG_WARN_BOOL_CONVERSION = YES;
				CLANG_WARN_COMMA = YES;
				CLANG_WARN_CONSTANT_CONVERSION = YES;
				CLANG_WARN_DEPRECATED_OBJC_IMPLEMENTATIONS = YES;
				CLANG_WARN_DIRECT_OBJC_ISA_USAGE = YES_ERROR;
				CLANG_WARN_DOCUMENTATION_COMMENTS = YES;
				CLANG_WARN_EMPTY_BODY = YES;
				CLANG_WARN_ENUM_CONVERSION = YES;
				CLANG_WARN_INFINITE_RECURSION = YES;
				CLANG_WARN_INT_CONVERSION = YES;
				CLANG_WARN_NON_LITERAL_NULL_CONVERSION = YES;
				CLANG_WARN_OBJC_IMPLICIT_RETAIN_SELF = YES;
				CLANG_WARN_OBJC_LITERAL_CONVERSION = YES;
				CLANG_WARN_OBJC_ROOT_CLASS = YES_ERROR;
				CLANG_WARN_QUOTED_INCLUDE_IN_FRAMEWORK_HEADER = YES;
				CLANG_WARN_RANGE_LOOP_ANALYSIS = YES;
				CLANG_WARN_STRICT_PROTOTYPES = YES;
				CLANG_WARN_SUSPICIOUS_MOVE = YES;
				CLANG_WARN_UNREACHABLE_CODE = YES;
				CLANG_WARN__DUPLICATE_METHOD_MATCH = YES;
				"CODE_SIGN_IDENTITY[sdk=iphoneos*]" = "iPhone Developer";
				COPY_PHASE_STRIP = NO;
				CURRENT_PROJECT_VERSION = 1;
				DEBUG_INFORMATION_FORMAT = "dwarf-with-dsym";
				ENABLE_NS_ASSERTIONS = NO;
				ENABLE_STRICT_OBJC_MSGSEND = YES;
				ENABLE_USER_SCRIPT_SANDBOXING = YES;
				GCC_C_LANGUAGE_STANDARD = gnu99;
				GCC_NO_COMMON_BLOCKS = YES;
				GCC_WARN_64_TO_32_BIT_CONVERSION = YES;
				GCC_WARN_ABOUT_RETURN_TYPE = YES_ERROR;
				GCC_WARN_UNDECLARED_SELECTOR = YES;
				GCC_WARN_UNINITIALIZED_AUTOS = YES_AGGRESSIVE;
				GCC_WARN_UNUSED_FUNCTION = YES;
				GCC_WARN_UNUSED_VARIABLE = YES;
				IPHONEOS_DEPLOYMENT_TARGET = 12.0;
				MTL_ENABLE_DEBUG_INFO = NO;
				SDKROOT = iphoneos;
				SWIFT_COMPILATION_MODE = wholemodule;
				SWIFT_OPTIMIZATION_LEVEL = "-O";
				TARGETED_DEVICE_FAMILY = "1,2";
				VALIDATE_PRODUCT = YES;
				VERSIONING_SYSTEM = "apple-generic";
				VERSION_INFO_PREFIX = "";
			};
			name = Release;
		};
		B62056031E19DD23002494AB /* Debug */ = {
			isa = XCBuildConfiguration;
			buildSettings = {
				CLANG_ENABLE_MODULES = YES;
				CODE_SIGN_IDENTITY = "";
				DEFINES_MODULE = YES;
				DEVELOPMENT_TEAM = "";
				DYLIB_COMPATIBILITY_VERSION = 1;
				DYLIB_CURRENT_VERSION = 1;
				DYLIB_INSTALL_NAME_BASE = "@rpath";
				ENABLE_MODULE_VERIFIER = YES;
				INFOPLIST_FILE = RolePlayingCore/Info.plist;
				INSTALL_PATH = "$(LOCAL_LIBRARY_DIR)/Frameworks";
				IPHONEOS_DEPLOYMENT_TARGET = 16.6;
				LD_RUNPATH_SEARCH_PATHS = (
					"$(inherited)",
					"@executable_path/Frameworks",
					"@loader_path/Frameworks",
				);
				MODULE_VERIFIER_SUPPORTED_LANGUAGES = "objective-c objective-c++";
				MODULE_VERIFIER_SUPPORTED_LANGUAGE_STANDARDS = "gnu99 gnu++11";
				PRODUCT_BUNDLE_IDENTIFIER = com.flatearthstudio.RolePlayingCore;
				PRODUCT_NAME = "$(TARGET_NAME)";
				SKIP_INSTALL = YES;
				SWIFT_OPTIMIZATION_LEVEL = "-Onone";
				SWIFT_VERSION = 5.0;
			};
			name = Debug;
		};
		B62056041E19DD23002494AB /* Release */ = {
			isa = XCBuildConfiguration;
			buildSettings = {
				CLANG_ENABLE_MODULES = YES;
				CODE_SIGN_IDENTITY = "";
				DEFINES_MODULE = YES;
				DEVELOPMENT_TEAM = "";
				DYLIB_COMPATIBILITY_VERSION = 1;
				DYLIB_CURRENT_VERSION = 1;
				DYLIB_INSTALL_NAME_BASE = "@rpath";
				ENABLE_MODULE_VERIFIER = YES;
				INFOPLIST_FILE = RolePlayingCore/Info.plist;
				INSTALL_PATH = "$(LOCAL_LIBRARY_DIR)/Frameworks";
				IPHONEOS_DEPLOYMENT_TARGET = 16.6;
				LD_RUNPATH_SEARCH_PATHS = (
					"$(inherited)",
					"@executable_path/Frameworks",
					"@loader_path/Frameworks",
				);
				MODULE_VERIFIER_SUPPORTED_LANGUAGES = "objective-c objective-c++";
				MODULE_VERIFIER_SUPPORTED_LANGUAGE_STANDARDS = "gnu99 gnu++11";
				PRODUCT_BUNDLE_IDENTIFIER = com.flatearthstudio.RolePlayingCore;
				PRODUCT_NAME = "$(TARGET_NAME)";
				SKIP_INSTALL = YES;
				SWIFT_VERSION = 5.0;
			};
			name = Release;
		};
		B62056061E19DD23002494AB /* Debug */ = {
			isa = XCBuildConfiguration;
			buildSettings = {
				DEVELOPMENT_TEAM = J69E69SP27;
				INFOPLIST_FILE = RolePlayingCoreTests/Info.plist;
				IPHONEOS_DEPLOYMENT_TARGET = 16.6;
				LD_RUNPATH_SEARCH_PATHS = (
					"$(inherited)",
					"@executable_path/Frameworks",
					"@loader_path/Frameworks",
				);
				PRODUCT_BUNDLE_IDENTIFIER = com.flatearthstudio.RolePlayingCoreTests;
				PRODUCT_NAME = "$(TARGET_NAME)";
				SWIFT_VERSION = 5.0;
			};
			name = Debug;
		};
		B62056071E19DD23002494AB /* Release */ = {
			isa = XCBuildConfiguration;
			buildSettings = {
				DEVELOPMENT_TEAM = J69E69SP27;
				INFOPLIST_FILE = RolePlayingCoreTests/Info.plist;
				IPHONEOS_DEPLOYMENT_TARGET = 16.6;
				LD_RUNPATH_SEARCH_PATHS = (
					"$(inherited)",
					"@executable_path/Frameworks",
					"@loader_path/Frameworks",
				);
				PRODUCT_BUNDLE_IDENTIFIER = com.flatearthstudio.RolePlayingCoreTests;
				PRODUCT_NAME = "$(TARGET_NAME)";
				SWIFT_VERSION = 5.0;
			};
			name = Release;
		};
/* End XCBuildConfiguration section */

/* Begin XCConfigurationList section */
		B62055E81E19DD23002494AB /* Build configuration list for PBXProject "RolePlayingCore" */ = {
			isa = XCConfigurationList;
			buildConfigurations = (
				B62056001E19DD23002494AB /* Debug */,
				B62056011E19DD23002494AB /* Release */,
			);
			defaultConfigurationIsVisible = 0;
			defaultConfigurationName = Release;
		};
		B62056021E19DD23002494AB /* Build configuration list for PBXNativeTarget "RolePlayingCore" */ = {
			isa = XCConfigurationList;
			buildConfigurations = (
				B62056031E19DD23002494AB /* Debug */,
				B62056041E19DD23002494AB /* Release */,
			);
			defaultConfigurationIsVisible = 0;
			defaultConfigurationName = Release;
		};
		B62056051E19DD23002494AB /* Build configuration list for PBXNativeTarget "RolePlayingCoreTests" */ = {
			isa = XCConfigurationList;
			buildConfigurations = (
				B62056061E19DD23002494AB /* Debug */,
				B62056071E19DD23002494AB /* Release */,
			);
			defaultConfigurationIsVisible = 0;
			defaultConfigurationName = Release;
		};
/* End XCConfigurationList section */
	};
	rootObject = B62055E51E19DD23002494AB /* Project object */;
}
