{
  "originHash" : "ebe5fb78eb1ec81491f92feb2732f91f7577018b68a50ac764f9853d6326d757",
  "pins" : [
    {
      "identity" : "swiftdice",
      "kind" : "remoteSourceControl",
      "location" : "https://github.com/mrlegowatch/SwiftDice.git",
      "state" : {
        "branch" : "development",
        "revision" : "7cc441ecb84913a242cc10df904f36ad4ab29b82"
      }
    }
  ],
  "version" : 3
}
