{
  "originHash" : "ebe5fb78eb1ec81491f92feb2732f91f7577018b68a50ac764f9853d6326d757",
  "pins" : [
    {
      "identity" : "swiftdice",
      "kind" : "remoteSourceControl",
      "location" : "https://github.com/mrlegowatch/SwiftDice.git",
      "state" : {
        "branch" : "main",
        "revision" : "1fd558aafb13d2206b0cb497be7b2f70272ad527"
      }
    }
  ],
  "version" : 3
}
